// !$*UTF8*$!
{
	archiveVersion = 1;
	classes = {
	};
	objectVersion = 77;
	objects = {

/* Begin PBXBuildFile section */
		00533F7C898020A76C4C2B97 /* libmobi in Frameworks */ = {isa = PBXBuildFile; productRef = A3B7696ECD66EDD998821F5C /* libmobi */; };
		019F7EC80783974F626D160C /* SyncState.swift in Sources */ = {isa = PBXBuildFile; fileRef = 1FD4E85652ACB9A8051E10ED /* SyncState.swift */; };
		0247EB090E6DFB171714915D /* SendPlanTests.swift in Sources */ = {isa = PBXBuildFile; fileRef = 3DF69781560F6A54FAD6CAA1 /* SendPlanTests.swift */; };
		028AFE7DC025F5D5D081347A /* MTPTransport.swift in Sources */ = {isa = PBXBuildFile; fileRef = C905BCFF7A2420DAE51E33E6 /* MTPTransport.swift */; };
		050B0C32F9422ED9DE8FBFB8 /* LibrarySession.swift in Sources */ = {isa = PBXBuildFile; fileRef = A230E717F0A049BE946E41FF /* LibrarySession.swift */; };
		07351E5DB1A68205C5719835 /* SyncEventSource.swift in Sources */ = {isa = PBXBuildFile; fileRef = C3182B6AF520D7EFC945903C /* SyncEventSource.swift */; };
		082DEE0D492D2C77CC763261 /* ImportService.swift in Sources */ = {isa = PBXBuildFile; fileRef = CAA97EB7CDB42EFE46F1706D /* ImportService.swift */; };
		08991F91CCEC88D2B617E8C4 /* MetadataMergePlanTests.swift in Sources */ = {isa = PBXBuildFile; fileRef = 1AF1F9FA4EA58B5175954F01 /* MetadataMergePlanTests.swift */; };
		089BEE925C9BEC5CAAF0D77A /* MetadataExtractor.swift in Sources */ = {isa = PBXBuildFile; fileRef = 80FA4E133A75F9A48729A914 /* MetadataExtractor.swift */; };
		0C61A8ACB4491EADC288511E /* MTPKitTransport.swift in Sources */ = {isa = PBXBuildFile; fileRef = BC6DB53650FE45D45A29B718 /* MTPKitTransport.swift */; };
		0E7B22D1EA6EB703346AE527 /* BookManagerUITests.swift in Sources */ = {isa = PBXBuildFile; fileRef = 2F5B9507D6E9B4C1969F6D12 /* BookManagerUITests.swift */; };
		112914843DEE19AF2ACA255E /* SendPlan.swift in Sources */ = {isa = PBXBuildFile; fileRef = D97D5E795D3B6648EF62BB68 /* SendPlan.swift */; };
		11C3140491DF9252BABB852C /* FormatConverter.swift in Sources */ = {isa = PBXBuildFile; fileRef = 0FCD8104FD5D44DD32AA2AAB /* FormatConverter.swift */; };
		15A2A1C2A92042F7CD15541D /* LibraryRootCapabilitiesTests.swift in Sources */ = {isa = PBXBuildFile; fileRef = DF714235D6DA039272631C7E /* LibraryRootCapabilitiesTests.swift */; };
		161CF45F8B8E33B703A8170E /* DeviceManager.swift in Sources */ = {isa = PBXBuildFile; fileRef = 439CAE5BC99FD34EB367DECE /* DeviceManager.swift */; };
		165FF254C4D1D19E8ED6B468 /* MTPKit in Frameworks */ = {isa = PBXBuildFile; productRef = 2684F3D91C4B009F3E9D574C /* MTPKit */; };
		1680E06ADD1A537B0869D47F /* Automerge in Frameworks */ = {isa = PBXBuildFile; productRef = E73D1BC292F51DC0789C0A2A /* Automerge */; };
		183696E853097A577B690223 /* BookTableView.swift in Sources */ = {isa = PBXBuildFile; fileRef = B299D92FE747584FDD46D395 /* BookTableView.swift */; };
		18D5B7E4B72E772DE7362FBD /* CalibreRawPresenterTests.swift in Sources */ = {isa = PBXBuildFile; fileRef = AA927B479D52396761EE4A89 /* CalibreRawPresenterTests.swift */; };
		1EB7D845512F28CEB3309FEB /* GRDB in Frameworks */ = {isa = PBXBuildFile; productRef = 770243B41284AFCA8EC2E14D /* GRDB */; };
		1ED0F97BCD77A7F64BD7C661 /* DeviceRegistry.swift in Sources */ = {isa = PBXBuildFile; fileRef = 79EBAD1B11D265EC1C76762B /* DeviceRegistry.swift */; };
		21DCF5333E7E6C600519B536 /* DeviceImportService.swift in Sources */ = {isa = PBXBuildFile; fileRef = 7D790C18B565FA9F3EDDA5F2 /* DeviceImportService.swift */; };
		220E43EBA7E61CCF0E79E4D6 /* MetadataLookupServiceTests.swift in Sources */ = {isa = PBXBuildFile; fileRef = 4973027E235C62C6A61C0133 /* MetadataLookupServiceTests.swift */; };
		2328811870023130047DB74C /* SyncStateTests.swift in Sources */ = {isa = PBXBuildFile; fileRef = 07A96CD3BD432BB8D30724F0 /* SyncStateTests.swift */; };
		25DDA9C20029305707541FC9 /* BookDocumentSchema.swift in Sources */ = {isa = PBXBuildFile; fileRef = 37F9BBB1AC9D128C81F9BE1A /* BookDocumentSchema.swift */; };
		2918DE3E2EF2ECDCCC9D71C3 /* fixture.mobi in Resources */ = {isa = PBXBuildFile; fileRef = FFDC0677C744390DB4F5CB35 /* fixture.mobi */; };
		29EDCC6B877FC2870885AD1E /* MobiImportServiceTests.swift in Sources */ = {isa = PBXBuildFile; fileRef = FF7CB4109844BE855474503A /* MobiImportServiceTests.swift */; };
		2AA7EAE05AE8D25B702E30CA /* DeviceBooksView.swift in Sources */ = {isa = PBXBuildFile; fileRef = E7CBC51BD2A47AD934452F83 /* DeviceBooksView.swift */; };
		2AF79754097A6BBA6AF9274A /* LibraryStorageTests.swift in Sources */ = {isa = PBXBuildFile; fileRef = CA4DE265111712DFFE44F5CE /* LibraryStorageTests.swift */; };
		330F88F83159D6D8E5F2E908 /* CalibreReaderTests.swift in Sources */ = {isa = PBXBuildFile; fileRef = 23170AE9E3BBE8D4759EC9A9 /* CalibreReaderTests.swift */; };
		332A7B733BC508252826E4FF /* BookManagerCore.framework in Frameworks */ = {isa = PBXBuildFile; fileRef = EA00130013634EE3D52C9CCF /* BookManagerCore.framework */; };
		39438DD4434B1AAEB59D16C2 /* BookValues.swift in Sources */ = {isa = PBXBuildFile; fileRef = 73AA6C7CC5DA69B3AD083C22 /* BookValues.swift */; };
		3DDAFFF7CA4910DC6D42CFE1 /* LocalCatalogTests.swift in Sources */ = {isa = PBXBuildFile; fileRef = 6BA162F96FEA4B520BEAED4B /* LocalCatalogTests.swift */; };
		3E02ECDBF31FC3D2B102C6E2 /* CalibreModels.swift in Sources */ = {isa = PBXBuildFile; fileRef = 079C068688F6CB08D66D0E02 /* CalibreModels.swift */; };
		3E0B4CA8C38FC8B5342116AC /* MetadataSourceProviding.swift in Sources */ = {isa = PBXBuildFile; fileRef = 03238F1DFA50DAF6674FEADF /* MetadataSourceProviding.swift */; };
		3E6405355AA548594B3FE8CC /* SwiftMTPAsync in Frameworks */ = {isa = PBXBuildFile; productRef = 6DD7D77391BABA00A2C94561 /* SwiftMTPAsync */; };
		3E8CB6221E500E8D0E2D83AF /* OpenLibrarySource.swift in Sources */ = {isa = PBXBuildFile; fileRef = 3946434A5738F2318D3DB0D6 /* OpenLibrarySource.swift */; };
		3F72B39291984A1F8E406A53 /* PerformanceTests.swift in Sources */ = {isa = PBXBuildFile; fileRef = 9849D0FE535CE38AD33777AD /* PerformanceTests.swift */; };
		409E04ECB1ACF22D0BB109F8 /* HybridLogicalClock.swift in Sources */ = {isa = PBXBuildFile; fileRef = 877A41E8DB9729E29518A7F2 /* HybridLogicalClock.swift */; };
		42FF96DCA918CB07FA010F04 /* DeviceBookScannerTests.swift in Sources */ = {isa = PBXBuildFile; fileRef = 4CC1AC7874219A6258B8102A /* DeviceBookScannerTests.swift */; };
		43CED18F41774E710AB5D0DF /* ImportReportView.swift in Sources */ = {isa = PBXBuildFile; fileRef = 768C45F6FF1C77FFEA249DA5 /* ImportReportView.swift */; };
		43D00CA88D657E24A6B98BBC /* libmobi in Frameworks */ = {isa = PBXBuildFile; productRef = AF964C278D074E278988AB3E /* libmobi */; };
		43F6F8FC156FB2A7AFF5EB98 /* ContentView.swift in Sources */ = {isa = PBXBuildFile; fileRef = A6E24C22DC0D497C119E3503 /* ContentView.swift */; };
		4584CCB0ADA30F9D98E20189 /* BookManagerCore.framework in Frameworks */ = {isa = PBXBuildFile; fileRef = EA00130013634EE3D52C9CCF /* BookManagerCore.framework */; };
		460DEA70A0F96B23762F0A45 /* BookManagerCore.framework in Embed Frameworks */ = {isa = PBXBuildFile; fileRef = EA00130013634EE3D52C9CCF /* BookManagerCore.framework */; settings = {ATTRIBUTES = (CodeSignOnCopy, RemoveHeadersOnCopy, ); }; };
		492DC8918261793A5F4D188D /* CalibreMetadataCacheTests.swift in Sources */ = {isa = PBXBuildFile; fileRef = E69AC8C98AF3647750233620 /* CalibreMetadataCacheTests.swift */; };
		4ACDD55DE290A18AF7204E1B /* LibraryBookmarkStore.swift in Sources */ = {isa = PBXBuildFile; fileRef = 10C0171D18484766BD7A3C27 /* LibraryBookmarkStore.swift */; };
		54DE3555646097AA3C44B87B /* DeviceSendService.swift in Sources */ = {isa = PBXBuildFile; fileRef = 14DB9A03220A653427F85867 /* DeviceSendService.swift */; };
		56CDE45433D411226EA911D7 /* CalibreImportService.swift in Sources */ = {isa = PBXBuildFile; fileRef = 5D641BF004408EB3B9B77D94 /* CalibreImportService.swift */; };
		5FE5C12E6FC3F759C1CC34F4 /* MetadataMergePlan.swift in Sources */ = {isa = PBXBuildFile; fileRef = FCEEC7381A553046ADC227C6 /* MetadataMergePlan.swift */; };
		606B0D81546CCAE5CDA94706 /* LocalCatalogBatchTests.swift in Sources */ = {isa = PBXBuildFile; fileRef = E84E5F580EC7EE78C56E7E93 /* LocalCatalogBatchTests.swift */; };
		614F0F5C1822825B76C51004 /* LibraryLayout.swift in Sources */ = {isa = PBXBuildFile; fileRef = EEFDAE49CAE9FF70035E4F38 /* LibraryLayout.swift */; };
		620DE3A55974B7D0A1F0DE51 /* ZIPFoundation in Frameworks */ = {isa = PBXBuildFile; productRef = 3818F9695548F67FF6E86321 /* ZIPFoundation */; };
		642B072594C3F0AF2813768C /* MobiToEpubConverter.swift in Sources */ = {isa = PBXBuildFile; fileRef = 60D29F574EE7BF4507D9A9DB /* MobiToEpubConverter.swift */; };
		6C54676875279A32CC2E612D /* CalibreReader.swift in Sources */ = {isa = PBXBuildFile; fileRef = 802704BFE3CB300D0F43F579 /* CalibreReader.swift */; };
		6CFD9DA7BA4FEED223E643F0 /* MetadataEditorView.swift in Sources */ = {isa = PBXBuildFile; fileRef = D71CFB152C85ECD05FAEE34F /* MetadataEditorView.swift */; };
		6E3CA17CFD3E05B07E9227D8 /* OutboxTests.swift in Sources */ = {isa = PBXBuildFile; fileRef = 08E88890969521523F616EA1 /* OutboxTests.swift */; };
		7071C6A3153AE657C95AB3AF /* IndexedBook.swift in Sources */ = {isa = PBXBuildFile; fileRef = 18B93C18F17691B633BC2D72 /* IndexedBook.swift */; };
		7332664DCFCB32B4B738DAEB /* SyncEngineTests.swift in Sources */ = {isa = PBXBuildFile; fileRef = B145AF9C49E7AC45E606A6A2 /* SyncEngineTests.swift */; };
		73BD2D163C0196607DA35916 /* ConvergenceTests.swift in Sources */ = {isa = PBXBuildFile; fileRef = 306742D667B7DFBDDFB9FAF8 /* ConvergenceTests.swift */; };
		7413F3389FB8C25A4F071CC8 /* Fixtures.swift in Sources */ = {isa = PBXBuildFile; fileRef = 08CB9DC449D9806CB41CBEA1 /* Fixtures.swift */; };
		743D81FAE5031A5571CA7226 /* DeviceTransportTests.swift in Sources */ = {isa = PBXBuildFile; fileRef = 4540BF1FE4AA0CBEA1429A76 /* DeviceTransportTests.swift */; };
		74708CC8E6E81471E111097D /* SchemaV2Tests.swift in Sources */ = {isa = PBXBuildFile; fileRef = 16E1EA0FB51BAD838C8A802E /* SchemaV2Tests.swift */; };
		749A78570335D7AA0AC3C08F /* LibraryBookmarkStoreTests.swift in Sources */ = {isa = PBXBuildFile; fileRef = 15750DA3DBE4AA0973C9D96E /* LibraryBookmarkStoreTests.swift */; };
		787EB9CDC6E3CBB1CDBBD640 /* SyncEngine.swift in Sources */ = {isa = PBXBuildFile; fileRef = 15CCDEA23484F35FAA7931CE /* SyncEngine.swift */; };
		795CB75D48A16F3E2FF4C68C /* DeviceRegistryTests.swift in Sources */ = {isa = PBXBuildFile; fileRef = 43EA202AE9BDB7D5CA811756 /* DeviceRegistryTests.swift */; };
		7D7CCE30B141C2FF6B84FBA6 /* SendReportView.swift in Sources */ = {isa = PBXBuildFile; fileRef = C54B8B51C276C362152C6141 /* SendReportView.swift */; };
		7F14EE7197CF8AEC00B99EE8 /* CalibreRawPresenter.swift in Sources */ = {isa = PBXBuildFile; fileRef = 85DFE90B2620F49E3523D712 /* CalibreRawPresenter.swift */; };
		80BE13BB3F9011EE10E4B2C0 /* OpfGenerator.swift in Sources */ = {isa = PBXBuildFile; fileRef = 87B108E9D043C28A0ACA5B55 /* OpfGenerator.swift */; };
		8148952FF9AF030878F61555 /* AutomergeBookDocumentTests.swift in Sources */ = {isa = PBXBuildFile; fileRef = 0097D35A33C980715FF58C71 /* AutomergeBookDocumentTests.swift */; };
		82535D46D81E075403A06588 /* MetadataRegistry.swift in Sources */ = {isa = PBXBuildFile; fileRef = 651CC44426DB5A06A9FAD739 /* MetadataRegistry.swift */; };
		831C278B8D9BC7CD1599A1D6 /* LibraryRepository.swift in Sources */ = {isa = PBXBuildFile; fileRef = 5A3D22208D73EACF693FC0B7 /* LibraryRepository.swift */; };
		8790F01632265076BF031B97 /* LocalCatalogV3Tests.swift in Sources */ = {isa = PBXBuildFile; fileRef = 1F61061962E1A09D8CDFC2E0 /* LocalCatalogV3Tests.swift */; };
		8BA90F9BB1175B44D7AC2490 /* MetadataModels.swift in Sources */ = {isa = PBXBuildFile; fileRef = A5A6CBF7371DBCFE0E1C2878 /* MetadataModels.swift */; };
		8CEC76754C14E7E2C9499F86 /* GoogleBooksSource.swift in Sources */ = {isa = PBXBuildFile; fileRef = FCE9B149EF006C42E615AE2E /* GoogleBooksSource.swift */; };
		8CF594EDFCC26065337217AC /* ImportServiceTests.swift in Sources */ = {isa = PBXBuildFile; fileRef = C658484E2B3B70B7D3858968 /* ImportServiceTests.swift */; };
		8D3BB95B4C7C2C70A4551855 /* DeviceTransport.swift in Sources */ = {isa = PBXBuildFile; fileRef = F82F4B392AF4CDF2362131D9 /* DeviceTransport.swift */; };
		8EB7D97645D61A20D4C0F898 /* BookManagerCore.framework in Embed Frameworks */ = {isa = PBXBuildFile; fileRef = EA00130013634EE3D52C9CCF /* BookManagerCore.framework */; settings = {ATTRIBUTES = (CodeSignOnCopy, RemoveHeadersOnCopy, ); }; };
		8FB7D9B5E54B66EAF28DA4E1 /* SendReport.swift in Sources */ = {isa = PBXBuildFile; fileRef = 800F16E7F8AF7EFF8A5FD0AB /* SendReport.swift */; };
		9183F4EC121E5930C3EC68B5 /* BookManagerCore.swift in Sources */ = {isa = PBXBuildFile; fileRef = 5EFBA8EB5B9ADFEB3ACDE0B7 /* BookManagerCore.swift */; };
		933282CEA75382DA278BDB0B /* MTPTransportTests.swift in Sources */ = {isa = PBXBuildFile; fileRef = 86DA2E7BBD3D46D48403B424 /* MTPTransportTests.swift */; };
		94FD51FDFCCD95FA5C820D7B /* CalibreMetadataCache.swift in Sources */ = {isa = PBXBuildFile; fileRef = 9C46F7B45045AD369F5DC102 /* CalibreMetadataCache.swift */; };
		9769ECB6981710022C7B217A /* ScaffoldTests.swift in Sources */ = {isa = PBXBuildFile; fileRef = 8D80E3D97EA38642A0D352DA /* ScaffoldTests.swift */; };
		983C436D170FBDE137BDBE92 /* LibraryRepositoryTests.swift in Sources */ = {isa = PBXBuildFile; fileRef = B087736BE54EC57981680458 /* LibraryRepositoryTests.swift */; };
		9BE4FC702C069B76A295F442 /* Notices.md in Resources */ = {isa = PBXBuildFile; fileRef = F423D17FB570A461C7A9F6C2 /* Notices.md */; };
		9C10720CAD6A1CD058205BE5 /* CalibreImportServiceTests.swift in Sources */ = {isa = PBXBuildFile; fileRef = 97FE4DDA5D650B5CCFA6A51D /* CalibreImportServiceTests.swift */; };
		9D15D3667967207C1A72C66A /* MetadataMergeReviewSheet.swift in Sources */ = {isa = PBXBuildFile; fileRef = B9A6BD3BB3D5AE6C450E247B /* MetadataMergeReviewSheet.swift */; };
		9D86CAE107CBE6D0D34B7301 /* ChangeStore.swift in Sources */ = {isa = PBXBuildFile; fileRef = F788726BC33346C140CF988F /* ChangeStore.swift */; };
		A0CF78A35D5B9D189902DF1E /* BookManagerApp.swift in Sources */ = {isa = PBXBuildFile; fileRef = B289E0169E06FC577EDE4155 /* BookManagerApp.swift */; };
		A2B5CAB49BBCE42C57427012 /* MetadataSourceDecodingTests.swift in Sources */ = {isa = PBXBuildFile; fileRef = 5F2E4D2767153BF0EAB33F35 /* MetadataSourceDecodingTests.swift */; };
		A2B9362E46338E80EE4993CD /* ZIPFoundation in Frameworks */ = {isa = PBXBuildFile; productRef = 1BE2846B48AD04727891E7C4 /* ZIPFoundation */; };
		A62EF23E76E0C17875AEB31E /* GridSelectionSemantics.swift in Sources */ = {isa = PBXBuildFile; fileRef = 40F349DC5B3BC95D5E3FC6D6 /* GridSelectionSemantics.swift */; };
		A6F468233A1ED389DFEFA655 /* OfflineBookEditTests.swift in Sources */ = {isa = PBXBuildFile; fileRef = E828C0124F1B0E570B6BB023 /* OfflineBookEditTests.swift */; };
		A8B6BEB211835C8B192DA408 /* Outbox.swift in Sources */ = {isa = PBXBuildFile; fileRef = 831A8F5A9C65AC141D9489A3 /* Outbox.swift */; };
		AAA35E52FC377DDDCEA02B18 /* MobiToEpubConverterTests.swift in Sources */ = {isa = PBXBuildFile; fileRef = F482B06B8D21616958ACE5D6 /* MobiToEpubConverterTests.swift */; };
		B0A7E25FDC54B9CAE94B1798 /* HybridLogicalClockTests.swift in Sources */ = {isa = PBXBuildFile; fileRef = A06A187727B29B451ABE5C75 /* HybridLogicalClockTests.swift */; };
		B6EC808209FD3D64302B0152 /* DeviceServicesTests.swift in Sources */ = {isa = PBXBuildFile; fileRef = 567FF81984C0719EB7E11C99 /* DeviceServicesTests.swift */; };
		B7A5203046D0B8362189BF97 /* GridSelectionSemanticsTests.swift in Sources */ = {isa = PBXBuildFile; fileRef = 1EE9D33E3A89CB5F811661DF /* GridSelectionSemanticsTests.swift */; };
		B867C92933B7AAAEABB6F6EC /* LocalCatalogV2Tests.swift in Sources */ = {isa = PBXBuildFile; fileRef = 341FA2B572ABD1C178DBD749 /* LocalCatalogV2Tests.swift */; };
		C0330A6A992BC0A8C6BFCC73 /* GRDB in Frameworks */ = {isa = PBXBuildFile; productRef = 2F280E3BD3CAFCA30F17AC99 /* GRDB */; };
		C1DD8FF26D317007FAE4A118 /* JSONCoding.swift in Sources */ = {isa = PBXBuildFile; fileRef = 8BE40B965D5EDA49E3A144C2 /* JSONCoding.swift */; };
		C7BBF02DC45A22F1113E8230 /* CanonicalPathBuilder.swift in Sources */ = {isa = PBXBuildFile; fileRef = AF92D8169ACA0A69C106B92F /* CanonicalPathBuilder.swift */; };
		CB4C2B0FABFAB738F11A1BAC /* LibraryRootCapabilities.swift in Sources */ = {isa = PBXBuildFile; fileRef = 49CF48B554295CF4D9801062 /* LibraryRootCapabilities.swift */; };
		CC62884E91FC02938D5BD6FA /* MetadataLookupService.swift in Sources */ = {isa = PBXBuildFile; fileRef = EA4B86F12214E06370756A8C /* MetadataLookupService.swift */; };
		CCFF152341FBF41AB91B2514 /* LibraryManifest.swift in Sources */ = {isa = PBXBuildFile; fileRef = 319E4E1F20D7F33431107B0C /* LibraryManifest.swift */; };
		CD372D5D26ACA6955A952064 /* CoverGridView.swift in Sources */ = {isa = PBXBuildFile; fileRef = 922F216A8DB77886FEE7AC6E /* CoverGridView.swift */; };
		CF48364CE47026AEE1274504 /* FolderReconcilerTests.swift in Sources */ = {isa = PBXBuildFile; fileRef = 8633065E1E28A56C11EAF21A /* FolderReconcilerTests.swift */; };
		D0A566804E7EB2792EA61B9B /* BookFolder.swift in Sources */ = {isa = PBXBuildFile; fileRef = C3EB714E6E2C57690A730F94 /* BookFolder.swift */; };
		D0C63273D9B67978CDAD0909 /* MetadataReviewSheet.swift in Sources */ = {isa = PBXBuildFile; fileRef = 53DCEA28EE0C12D03C85E45B /* MetadataReviewSheet.swift */; };
		D3D0C78B0CF3FB3B24076660 /* OfflineBookEdit.swift in Sources */ = {isa = PBXBuildFile; fileRef = AC99822D51C0AD9570DC7085 /* OfflineBookEdit.swift */; };
		D4EA8BDBE47C3BA2A92DF62C /* LibraryMonitorTests.swift in Sources */ = {isa = PBXBuildFile; fileRef = DEFD333EB0AA1DFF27C99321 /* LibraryMonitorTests.swift */; };
		D5169329807B9A5B1EEFC371 /* MockTransport.swift in Sources */ = {isa = PBXBuildFile; fileRef = B57FA284528C430E6501BA8F /* MockTransport.swift */; };
		D5658B0F5AE2B7F1A4FE8AB2 /* MetadataExtractorTests.swift in Sources */ = {isa = PBXBuildFile; fileRef = E58E824C700C1F72F39EF611 /* MetadataExtractorTests.swift */; };
		D62398DF22CF74C237F60AED /* ThumbnailCache.swift in Sources */ = {isa = PBXBuildFile; fileRef = B8F482AB5AA370AD5457130D /* ThumbnailCache.swift */; };
		D6C1B3B2C636694F81452B78 /* DiagnosticsView.swift in Sources */ = {isa = PBXBuildFile; fileRef = 8AB6243EDA7B5EAFD4AB27C9 /* DiagnosticsView.swift */; };
		D71D91C038D0BB6C876154B5 /* LocalCatalog.swift in Sources */ = {isa = PBXBuildFile; fileRef = 62FDDA6D5AACAA7BB66B6919 /* LocalCatalog.swift */; };
		D937949FDF9C4CFAE6CBF872 /* FolderReconciler.swift in Sources */ = {isa = PBXBuildFile; fileRef = 7E5DE14BC9F4468F2E6D4B2E /* FolderReconciler.swift */; };
		DA7993EAD5D8C6607CA1D374 /* DeviceBookScanner.swift in Sources */ = {isa = PBXBuildFile; fileRef = 41AE1CF600A8CDAC31E619E5 /* DeviceBookScanner.swift */; };
		DABD0CFACE57C819139FF97E /* LibraryMonitor.swift in Sources */ = {isa = PBXBuildFile; fileRef = CD9A70512BF0E2BD885A0A06 /* LibraryMonitor.swift */; };
		DD60BC9BD9A5F13C69FB3B1D /* AutomergeBookDocument.swift in Sources */ = {isa = PBXBuildFile; fileRef = 6076F102DADAF8E9CB9DEC47 /* AutomergeBookDocument.swift */; };
		DFF5AD1F70707F352C0B9452 /* MobiReader.swift in Sources */ = {isa = PBXBuildFile; fileRef = 2C1F1F91C47DF3B2B1AC8353 /* MobiReader.swift */; };
		E015C9AA5207D2C3D1ECA2F7 /* MobiSmokeTests.swift in Sources */ = {isa = PBXBuildFile; fileRef = 84DE217284395F24110DEF8B /* MobiSmokeTests.swift */; };
		E4C65357A8A932CBDF092F5A /* CoverUpdateTests.swift in Sources */ = {isa = PBXBuildFile; fileRef = 8AC18E45CD5951112FF3275E /* CoverUpdateTests.swift */; };
		E4E5C1E036F261CE28B932AB /* DeviceProfile.swift in Sources */ = {isa = PBXBuildFile; fileRef = 01B6AF5FB9D196B6D8E1B13D /* DeviceProfile.swift */; };
		E6EA0292FF2754A8B986793D /* BookFolderTests.swift in Sources */ = {isa = PBXBuildFile; fileRef = A081C69F8BA6B08E869CAA8D /* BookFolderTests.swift */; };
		EC91247A243EB6A6760A1FF4 /* MobiReaderTests.swift in Sources */ = {isa = PBXBuildFile; fileRef = 1925053B04DC6EE30396716D /* MobiReaderTests.swift */; };
		ED61E5B5D5B32139023D5B41 /* IndexedBookFactory.swift in Sources */ = {isa = PBXBuildFile; fileRef = 82B109E8EE3954F2A2256AB3 /* IndexedBookFactory.swift */; };
		EEDB3AAD9317EA56FAC1A0ED /* BookInspectorView.swift in Sources */ = {isa = PBXBuildFile; fileRef = 2F85A5AC2D875F58F5C593C7 /* BookInspectorView.swift */; };
		F1402525FFD7B2EEA7A2FD73 /* README.md in Resources */ = {isa = PBXBuildFile; fileRef = 3010AC8985FA5F12C3D45989 /* README.md */; };
		F1CD061759873083CBD09F28 /* CalibreFixture.swift in Sources */ = {isa = PBXBuildFile; fileRef = 95E635A094EA0EBACB33FE09 /* CalibreFixture.swift */; };
		F2598A85042DDF22B167FD18 /* SidebarView.swift in Sources */ = {isa = PBXBuildFile; fileRef = 2E1B0345E4E97988D789C4A5 /* SidebarView.swift */; };
		F3484F5FF4388326DA02ACA6 /* RebuildProgressTests.swift in Sources */ = {isa = PBXBuildFile; fileRef = 9C42E39F44285DAA32EA9B93 /* RebuildProgressTests.swift */; };
		FB334598B1AEAE392B0A20D2 /* LibraryWelcomeView.swift in Sources */ = {isa = PBXBuildFile; fileRef = FE22DC7A79DA7703CE5EF160 /* LibraryWelcomeView.swift */; };
		FDAC49512A213E35BD2BC563 /* CalibreSchema.swift in Sources */ = {isa = PBXBuildFile; fileRef = D4DFC6EB19C484A316D3607E /* CalibreSchema.swift */; };
		FDF72C5AB371B8D58B183DA7 /* CalibreImportView.swift in Sources */ = {isa = PBXBuildFile; fileRef = CE55CCEAE5F9B6D05CFCD1FD /* CalibreImportView.swift */; };
/* End PBXBuildFile section */

/* Begin PBXContainerItemProxy section */
		036A0668A59E0D8F1601D7FD /* PBXContainerItemProxy */ = {
			isa = PBXContainerItemProxy;
			containerPortal = CBA6B73B6F3908DC3A351113 /* Project object */;
			proxyType = 1;
			remoteGlobalIDString = 233D58E63E528BC499BD6D97;
			remoteInfo = BookManagerCore;
		};
		21FCC9F31CC46021232CC435 /* PBXContainerItemProxy */ = {
			isa = PBXContainerItemProxy;
			containerPortal = CBA6B73B6F3908DC3A351113 /* Project object */;
			proxyType = 1;
			remoteGlobalIDString = 45DA5330A15A4213776A4CE0;
			remoteInfo = BookManager;
		};
		446B7658A1B3895795E1DCD3 /* PBXContainerItemProxy */ = {
			isa = PBXContainerItemProxy;
			containerPortal = CBA6B73B6F3908DC3A351113 /* Project object */;
			proxyType = 1;
			remoteGlobalIDString = 233D58E63E528BC499BD6D97;
			remoteInfo = BookManagerCore;
		};
/* End PBXContainerItemProxy section */

/* Begin PBXCopyFilesBuildPhase section */
		551DBF72B20B1959F05BFE8A /* Embed Frameworks */ = {
			isa = PBXCopyFilesBuildPhase;
			buildActionMask = 2147483647;
			dstPath = "";
			dstSubfolderSpec = 10;
			files = (
				8EB7D97645D61A20D4C0F898 /* BookManagerCore.framework in Embed Frameworks */,
			);
			name = "Embed Frameworks";
			runOnlyForDeploymentPostprocessing = 0;
		};
		ED30252B1095F8F6734E006C /* Embed Frameworks */ = {
			isa = PBXCopyFilesBuildPhase;
			buildActionMask = 2147483647;
			dstPath = "";
			dstSubfolderSpec = 10;
			files = (
				460DEA70A0F96B23762F0A45 /* BookManagerCore.framework in Embed Frameworks */,
			);
			name = "Embed Frameworks";
			runOnlyForDeploymentPostprocessing = 0;
		};
/* End PBXCopyFilesBuildPhase section */

/* Begin PBXFileReference section */
		0097D35A33C980715FF58C71 /* AutomergeBookDocumentTests.swift */ = {isa = PBXFileReference; lastKnownFileType = sourcecode.swift; path = AutomergeBookDocumentTests.swift; sourceTree = "<group>"; };
		01B6AF5FB9D196B6D8E1B13D /* DeviceProfile.swift */ = {isa = PBXFileReference; lastKnownFileType = sourcecode.swift; path = DeviceProfile.swift; sourceTree = "<group>"; };
		03238F1DFA50DAF6674FEADF /* MetadataSourceProviding.swift */ = {isa = PBXFileReference; lastKnownFileType = sourcecode.swift; path = MetadataSourceProviding.swift; sourceTree = "<group>"; };
		079C068688F6CB08D66D0E02 /* CalibreModels.swift */ = {isa = PBXFileReference; lastKnownFileType = sourcecode.swift; path = CalibreModels.swift; sourceTree = "<group>"; };
		07A96CD3BD432BB8D30724F0 /* SyncStateTests.swift */ = {isa = PBXFileReference; lastKnownFileType = sourcecode.swift; path = SyncStateTests.swift; sourceTree = "<group>"; };
		08CB9DC449D9806CB41CBEA1 /* Fixtures.swift */ = {isa = PBXFileReference; lastKnownFileType = sourcecode.swift; path = Fixtures.swift; sourceTree = "<group>"; };
		08E88890969521523F616EA1 /* OutboxTests.swift */ = {isa = PBXFileReference; lastKnownFileType = sourcecode.swift; path = OutboxTests.swift; sourceTree = "<group>"; };
		0FCD8104FD5D44DD32AA2AAB /* FormatConverter.swift */ = {isa = PBXFileReference; lastKnownFileType = sourcecode.swift; path = FormatConverter.swift; sourceTree = "<group>"; };
		10C0171D18484766BD7A3C27 /* LibraryBookmarkStore.swift */ = {isa = PBXFileReference; lastKnownFileType = sourcecode.swift; path = LibraryBookmarkStore.swift; sourceTree = "<group>"; };
		14DB9A03220A653427F85867 /* DeviceSendService.swift */ = {isa = PBXFileReference; lastKnownFileType = sourcecode.swift; path = DeviceSendService.swift; sourceTree = "<group>"; };
		15750DA3DBE4AA0973C9D96E /* LibraryBookmarkStoreTests.swift */ = {isa = PBXFileReference; lastKnownFileType = sourcecode.swift; path = LibraryBookmarkStoreTests.swift; sourceTree = "<group>"; };
		15CCDEA23484F35FAA7931CE /* SyncEngine.swift */ = {isa = PBXFileReference; lastKnownFileType = sourcecode.swift; path = SyncEngine.swift; sourceTree = "<group>"; };
		16E1EA0FB51BAD838C8A802E /* SchemaV2Tests.swift */ = {isa = PBXFileReference; lastKnownFileType = sourcecode.swift; path = SchemaV2Tests.swift; sourceTree = "<group>"; };
		18B93C18F17691B633BC2D72 /* IndexedBook.swift */ = {isa = PBXFileReference; lastKnownFileType = sourcecode.swift; path = IndexedBook.swift; sourceTree = "<group>"; };
		1925053B04DC6EE30396716D /* MobiReaderTests.swift */ = {isa = PBXFileReference; lastKnownFileType = sourcecode.swift; path = MobiReaderTests.swift; sourceTree = "<group>"; };
		1AF1F9FA4EA58B5175954F01 /* MetadataMergePlanTests.swift */ = {isa = PBXFileReference; lastKnownFileType = sourcecode.swift; path = MetadataMergePlanTests.swift; sourceTree = "<group>"; };
		1EE9D33E3A89CB5F811661DF /* GridSelectionSemanticsTests.swift */ = {isa = PBXFileReference; lastKnownFileType = sourcecode.swift; path = GridSelectionSemanticsTests.swift; sourceTree = "<group>"; };
		1F61061962E1A09D8CDFC2E0 /* LocalCatalogV3Tests.swift */ = {isa = PBXFileReference; lastKnownFileType = sourcecode.swift; path = LocalCatalogV3Tests.swift; sourceTree = "<group>"; };
		1FD4E85652ACB9A8051E10ED /* SyncState.swift */ = {isa = PBXFileReference; lastKnownFileType = sourcecode.swift; path = SyncState.swift; sourceTree = "<group>"; };
		23170AE9E3BBE8D4759EC9A9 /* CalibreReaderTests.swift */ = {isa = PBXFileReference; lastKnownFileType = sourcecode.swift; path = CalibreReaderTests.swift; sourceTree = "<group>"; };
		2C1F1F91C47DF3B2B1AC8353 /* MobiReader.swift */ = {isa = PBXFileReference; lastKnownFileType = sourcecode.swift; path = MobiReader.swift; sourceTree = "<group>"; };
		2E1B0345E4E97988D789C4A5 /* SidebarView.swift */ = {isa = PBXFileReference; lastKnownFileType = sourcecode.swift; path = SidebarView.swift; sourceTree = "<group>"; };
		2F5B9507D6E9B4C1969F6D12 /* BookManagerUITests.swift */ = {isa = PBXFileReference; lastKnownFileType = sourcecode.swift; path = BookManagerUITests.swift; sourceTree = "<group>"; };
		2F85A5AC2D875F58F5C593C7 /* BookInspectorView.swift */ = {isa = PBXFileReference; lastKnownFileType = sourcecode.swift; path = BookInspectorView.swift; sourceTree = "<group>"; };
		3010AC8985FA5F12C3D45989 /* README.md */ = {isa = PBXFileReference; lastKnownFileType = net.daringfireball.markdown; path = README.md; sourceTree = "<group>"; };
		306742D667B7DFBDDFB9FAF8 /* ConvergenceTests.swift */ = {isa = PBXFileReference; lastKnownFileType = sourcecode.swift; path = ConvergenceTests.swift; sourceTree = "<group>"; };
		319E4E1F20D7F33431107B0C /* LibraryManifest.swift */ = {isa = PBXFileReference; lastKnownFileType = sourcecode.swift; path = LibraryManifest.swift; sourceTree = "<group>"; };
		341FA2B572ABD1C178DBD749 /* LocalCatalogV2Tests.swift */ = {isa = PBXFileReference; lastKnownFileType = sourcecode.swift; path = LocalCatalogV2Tests.swift; sourceTree = "<group>"; };
		37F9BBB1AC9D128C81F9BE1A /* BookDocumentSchema.swift */ = {isa = PBXFileReference; lastKnownFileType = sourcecode.swift; path = BookDocumentSchema.swift; sourceTree = "<group>"; };
		3946434A5738F2318D3DB0D6 /* OpenLibrarySource.swift */ = {isa = PBXFileReference; lastKnownFileType = sourcecode.swift; path = OpenLibrarySource.swift; sourceTree = "<group>"; };
		3DF69781560F6A54FAD6CAA1 /* SendPlanTests.swift */ = {isa = PBXFileReference; lastKnownFileType = sourcecode.swift; path = SendPlanTests.swift; sourceTree = "<group>"; };
		40F349DC5B3BC95D5E3FC6D6 /* GridSelectionSemantics.swift */ = {isa = PBXFileReference; lastKnownFileType = sourcecode.swift; path = GridSelectionSemantics.swift; sourceTree = "<group>"; };
		41AE1CF600A8CDAC31E619E5 /* DeviceBookScanner.swift */ = {isa = PBXFileReference; lastKnownFileType = sourcecode.swift; path = DeviceBookScanner.swift; sourceTree = "<group>"; };
		439CAE5BC99FD34EB367DECE /* DeviceManager.swift */ = {isa = PBXFileReference; lastKnownFileType = sourcecode.swift; path = DeviceManager.swift; sourceTree = "<group>"; };
		43EA202AE9BDB7D5CA811756 /* DeviceRegistryTests.swift */ = {isa = PBXFileReference; lastKnownFileType = sourcecode.swift; path = DeviceRegistryTests.swift; sourceTree = "<group>"; };
		4540BF1FE4AA0CBEA1429A76 /* DeviceTransportTests.swift */ = {isa = PBXFileReference; lastKnownFileType = sourcecode.swift; path = DeviceTransportTests.swift; sourceTree = "<group>"; };
		4973027E235C62C6A61C0133 /* MetadataLookupServiceTests.swift */ = {isa = PBXFileReference; lastKnownFileType = sourcecode.swift; path = MetadataLookupServiceTests.swift; sourceTree = "<group>"; };
		49CF48B554295CF4D9801062 /* LibraryRootCapabilities.swift */ = {isa = PBXFileReference; lastKnownFileType = sourcecode.swift; path = LibraryRootCapabilities.swift; sourceTree = "<group>"; };
		4CC1AC7874219A6258B8102A /* DeviceBookScannerTests.swift */ = {isa = PBXFileReference; lastKnownFileType = sourcecode.swift; path = DeviceBookScannerTests.swift; sourceTree = "<group>"; };
		53DCEA28EE0C12D03C85E45B /* MetadataReviewSheet.swift */ = {isa = PBXFileReference; lastKnownFileType = sourcecode.swift; path = MetadataReviewSheet.swift; sourceTree = "<group>"; };
		567FF81984C0719EB7E11C99 /* DeviceServicesTests.swift */ = {isa = PBXFileReference; lastKnownFileType = sourcecode.swift; path = DeviceServicesTests.swift; sourceTree = "<group>"; };
		5A3D22208D73EACF693FC0B7 /* LibraryRepository.swift */ = {isa = PBXFileReference; lastKnownFileType = sourcecode.swift; path = LibraryRepository.swift; sourceTree = "<group>"; };
		5D641BF004408EB3B9B77D94 /* CalibreImportService.swift */ = {isa = PBXFileReference; lastKnownFileType = sourcecode.swift; path = CalibreImportService.swift; sourceTree = "<group>"; };
		5EFBA8EB5B9ADFEB3ACDE0B7 /* BookManagerCore.swift */ = {isa = PBXFileReference; lastKnownFileType = sourcecode.swift; path = BookManagerCore.swift; sourceTree = "<group>"; };
		5F2E4D2767153BF0EAB33F35 /* MetadataSourceDecodingTests.swift */ = {isa = PBXFileReference; lastKnownFileType = sourcecode.swift; path = MetadataSourceDecodingTests.swift; sourceTree = "<group>"; };
		6076F102DADAF8E9CB9DEC47 /* AutomergeBookDocument.swift */ = {isa = PBXFileReference; lastKnownFileType = sourcecode.swift; path = AutomergeBookDocument.swift; sourceTree = "<group>"; };
		60D29F574EE7BF4507D9A9DB /* MobiToEpubConverter.swift */ = {isa = PBXFileReference; lastKnownFileType = sourcecode.swift; path = MobiToEpubConverter.swift; sourceTree = "<group>"; };
		62FDDA6D5AACAA7BB66B6919 /* LocalCatalog.swift */ = {isa = PBXFileReference; lastKnownFileType = sourcecode.swift; path = LocalCatalog.swift; sourceTree = "<group>"; };
		63AD723FE46B91B5A9434459 /* BookManager.app */ = {isa = PBXFileReference; explicitFileType = wrapper.application; includeInIndex = 0; path = BookManager.app; sourceTree = BUILT_PRODUCTS_DIR; };
		651CC44426DB5A06A9FAD739 /* MetadataRegistry.swift */ = {isa = PBXFileReference; lastKnownFileType = sourcecode.swift; path = MetadataRegistry.swift; sourceTree = "<group>"; };
		6BA162F96FEA4B520BEAED4B /* LocalCatalogTests.swift */ = {isa = PBXFileReference; lastKnownFileType = sourcecode.swift; path = LocalCatalogTests.swift; sourceTree = "<group>"; };
		73AA6C7CC5DA69B3AD083C22 /* BookValues.swift */ = {isa = PBXFileReference; lastKnownFileType = sourcecode.swift; path = BookValues.swift; sourceTree = "<group>"; };
		768C45F6FF1C77FFEA249DA5 /* ImportReportView.swift */ = {isa = PBXFileReference; lastKnownFileType = sourcecode.swift; path = ImportReportView.swift; sourceTree = "<group>"; };
		79EBAD1B11D265EC1C76762B /* DeviceRegistry.swift */ = {isa = PBXFileReference; lastKnownFileType = sourcecode.swift; path = DeviceRegistry.swift; sourceTree = "<group>"; };
		7D790C18B565FA9F3EDDA5F2 /* DeviceImportService.swift */ = {isa = PBXFileReference; lastKnownFileType = sourcecode.swift; path = DeviceImportService.swift; sourceTree = "<group>"; };
		7E5DE14BC9F4468F2E6D4B2E /* FolderReconciler.swift */ = {isa = PBXFileReference; lastKnownFileType = sourcecode.swift; path = FolderReconciler.swift; sourceTree = "<group>"; };
		800F16E7F8AF7EFF8A5FD0AB /* SendReport.swift */ = {isa = PBXFileReference; lastKnownFileType = sourcecode.swift; path = SendReport.swift; sourceTree = "<group>"; };
		802704BFE3CB300D0F43F579 /* CalibreReader.swift */ = {isa = PBXFileReference; lastKnownFileType = sourcecode.swift; path = CalibreReader.swift; sourceTree = "<group>"; };
		80FA4E133A75F9A48729A914 /* MetadataExtractor.swift */ = {isa = PBXFileReference; lastKnownFileType = sourcecode.swift; path = MetadataExtractor.swift; sourceTree = "<group>"; };
		82B109E8EE3954F2A2256AB3 /* IndexedBookFactory.swift */ = {isa = PBXFileReference; lastKnownFileType = sourcecode.swift; path = IndexedBookFactory.swift; sourceTree = "<group>"; };
		831A8F5A9C65AC141D9489A3 /* Outbox.swift */ = {isa = PBXFileReference; lastKnownFileType = sourcecode.swift; path = Outbox.swift; sourceTree = "<group>"; };
		84DE217284395F24110DEF8B /* MobiSmokeTests.swift */ = {isa = PBXFileReference; lastKnownFileType = sourcecode.swift; path = MobiSmokeTests.swift; sourceTree = "<group>"; };
		85DFE90B2620F49E3523D712 /* CalibreRawPresenter.swift */ = {isa = PBXFileReference; lastKnownFileType = sourcecode.swift; path = CalibreRawPresenter.swift; sourceTree = "<group>"; };
		8633065E1E28A56C11EAF21A /* FolderReconcilerTests.swift */ = {isa = PBXFileReference; lastKnownFileType = sourcecode.swift; path = FolderReconcilerTests.swift; sourceTree = "<group>"; };
		86DA2E7BBD3D46D48403B424 /* MTPTransportTests.swift */ = {isa = PBXFileReference; lastKnownFileType = sourcecode.swift; path = MTPTransportTests.swift; sourceTree = "<group>"; };
		877A41E8DB9729E29518A7F2 /* HybridLogicalClock.swift */ = {isa = PBXFileReference; lastKnownFileType = sourcecode.swift; path = HybridLogicalClock.swift; sourceTree = "<group>"; };
		87B108E9D043C28A0ACA5B55 /* OpfGenerator.swift */ = {isa = PBXFileReference; lastKnownFileType = sourcecode.swift; path = OpfGenerator.swift; sourceTree = "<group>"; };
		8AB6243EDA7B5EAFD4AB27C9 /* DiagnosticsView.swift */ = {isa = PBXFileReference; lastKnownFileType = sourcecode.swift; path = DiagnosticsView.swift; sourceTree = "<group>"; };
		8AC18E45CD5951112FF3275E /* CoverUpdateTests.swift */ = {isa = PBXFileReference; lastKnownFileType = sourcecode.swift; path = CoverUpdateTests.swift; sourceTree = "<group>"; };
		8BE40B965D5EDA49E3A144C2 /* JSONCoding.swift */ = {isa = PBXFileReference; lastKnownFileType = sourcecode.swift; path = JSONCoding.swift; sourceTree = "<group>"; };
		8D80E3D97EA38642A0D352DA /* ScaffoldTests.swift */ = {isa = PBXFileReference; lastKnownFileType = sourcecode.swift; path = ScaffoldTests.swift; sourceTree = "<group>"; };
		922F216A8DB77886FEE7AC6E /* CoverGridView.swift */ = {isa = PBXFileReference; lastKnownFileType = sourcecode.swift; path = CoverGridView.swift; sourceTree = "<group>"; };
		95E635A094EA0EBACB33FE09 /* CalibreFixture.swift */ = {isa = PBXFileReference; lastKnownFileType = sourcecode.swift; path = CalibreFixture.swift; sourceTree = "<group>"; };
		97FE4DDA5D650B5CCFA6A51D /* CalibreImportServiceTests.swift */ = {isa = PBXFileReference; lastKnownFileType = sourcecode.swift; path = CalibreImportServiceTests.swift; sourceTree = "<group>"; };
		9849D0FE535CE38AD33777AD /* PerformanceTests.swift */ = {isa = PBXFileReference; lastKnownFileType = sourcecode.swift; path = PerformanceTests.swift; sourceTree = "<group>"; };
		9C42E39F44285DAA32EA9B93 /* RebuildProgressTests.swift */ = {isa = PBXFileReference; lastKnownFileType = sourcecode.swift; path = RebuildProgressTests.swift; sourceTree = "<group>"; };
		9C46F7B45045AD369F5DC102 /* CalibreMetadataCache.swift */ = {isa = PBXFileReference; lastKnownFileType = sourcecode.swift; path = CalibreMetadataCache.swift; sourceTree = "<group>"; };
		A06A187727B29B451ABE5C75 /* HybridLogicalClockTests.swift */ = {isa = PBXFileReference; lastKnownFileType = sourcecode.swift; path = HybridLogicalClockTests.swift; sourceTree = "<group>"; };
		A081C69F8BA6B08E869CAA8D /* BookFolderTests.swift */ = {isa = PBXFileReference; lastKnownFileType = sourcecode.swift; path = BookFolderTests.swift; sourceTree = "<group>"; };
		A230E717F0A049BE946E41FF /* LibrarySession.swift */ = {isa = PBXFileReference; lastKnownFileType = sourcecode.swift; path = LibrarySession.swift; sourceTree = "<group>"; };
		A5A6CBF7371DBCFE0E1C2878 /* MetadataModels.swift */ = {isa = PBXFileReference; lastKnownFileType = sourcecode.swift; path = MetadataModels.swift; sourceTree = "<group>"; };
		A6E24C22DC0D497C119E3503 /* ContentView.swift */ = {isa = PBXFileReference; lastKnownFileType = sourcecode.swift; path = ContentView.swift; sourceTree = "<group>"; };
		AA927B479D52396761EE4A89 /* CalibreRawPresenterTests.swift */ = {isa = PBXFileReference; lastKnownFileType = sourcecode.swift; path = CalibreRawPresenterTests.swift; sourceTree = "<group>"; };
		AC99822D51C0AD9570DC7085 /* OfflineBookEdit.swift */ = {isa = PBXFileReference; lastKnownFileType = sourcecode.swift; path = OfflineBookEdit.swift; sourceTree = "<group>"; };
		AF92D8169ACA0A69C106B92F /* CanonicalPathBuilder.swift */ = {isa = PBXFileReference; lastKnownFileType = sourcecode.swift; path = CanonicalPathBuilder.swift; sourceTree = "<group>"; };
		B087736BE54EC57981680458 /* LibraryRepositoryTests.swift */ = {isa = PBXFileReference; lastKnownFileType = sourcecode.swift; path = LibraryRepositoryTests.swift; sourceTree = "<group>"; };
		B145AF9C49E7AC45E606A6A2 /* SyncEngineTests.swift */ = {isa = PBXFileReference; lastKnownFileType = sourcecode.swift; path = SyncEngineTests.swift; sourceTree = "<group>"; };
		B289E0169E06FC577EDE4155 /* BookManagerApp.swift */ = {isa = PBXFileReference; lastKnownFileType = sourcecode.swift; path = BookManagerApp.swift; sourceTree = "<group>"; };
		B299D92FE747584FDD46D395 /* BookTableView.swift */ = {isa = PBXFileReference; lastKnownFileType = sourcecode.swift; path = BookTableView.swift; sourceTree = "<group>"; };
		B57FA284528C430E6501BA8F /* MockTransport.swift */ = {isa = PBXFileReference; lastKnownFileType = sourcecode.swift; path = MockTransport.swift; sourceTree = "<group>"; };
		B73B13122D2268E5ECE2B45C /* BookManagerUITests.xctest */ = {isa = PBXFileReference; explicitFileType = wrapper.cfbundle; includeInIndex = 0; path = BookManagerUITests.xctest; sourceTree = BUILT_PRODUCTS_DIR; };
		B8F482AB5AA370AD5457130D /* ThumbnailCache.swift */ = {isa = PBXFileReference; lastKnownFileType = sourcecode.swift; path = ThumbnailCache.swift; sourceTree = "<group>"; };
		B9A6BD3BB3D5AE6C450E247B /* MetadataMergeReviewSheet.swift */ = {isa = PBXFileReference; lastKnownFileType = sourcecode.swift; path = MetadataMergeReviewSheet.swift; sourceTree = "<group>"; };
		BC6DB53650FE45D45A29B718 /* MTPKitTransport.swift */ = {isa = PBXFileReference; lastKnownFileType = sourcecode.swift; path = MTPKitTransport.swift; sourceTree = "<group>"; };
		BCEE9E484F2ACD21E4012F92 /* BookManagerCoreTests.xctest */ = {isa = PBXFileReference; explicitFileType = wrapper.cfbundle; includeInIndex = 0; path = BookManagerCoreTests.xctest; sourceTree = BUILT_PRODUCTS_DIR; };
		C3182B6AF520D7EFC945903C /* SyncEventSource.swift */ = {isa = PBXFileReference; lastKnownFileType = sourcecode.swift; path = SyncEventSource.swift; sourceTree = "<group>"; };
		C3EB714E6E2C57690A730F94 /* BookFolder.swift */ = {isa = PBXFileReference; lastKnownFileType = sourcecode.swift; path = BookFolder.swift; sourceTree = "<group>"; };
		C54B8B51C276C362152C6141 /* SendReportView.swift */ = {isa = PBXFileReference; lastKnownFileType = sourcecode.swift; path = SendReportView.swift; sourceTree = "<group>"; };
		C658484E2B3B70B7D3858968 /* ImportServiceTests.swift */ = {isa = PBXFileReference; lastKnownFileType = sourcecode.swift; path = ImportServiceTests.swift; sourceTree = "<group>"; };
		C905BCFF7A2420DAE51E33E6 /* MTPTransport.swift */ = {isa = PBXFileReference; lastKnownFileType = sourcecode.swift; path = MTPTransport.swift; sourceTree = "<group>"; };
		CA4DE265111712DFFE44F5CE /* LibraryStorageTests.swift */ = {isa = PBXFileReference; lastKnownFileType = sourcecode.swift; path = LibraryStorageTests.swift; sourceTree = "<group>"; };
		CAA97EB7CDB42EFE46F1706D /* ImportService.swift */ = {isa = PBXFileReference; lastKnownFileType = sourcecode.swift; path = ImportService.swift; sourceTree = "<group>"; };
		CD9A70512BF0E2BD885A0A06 /* LibraryMonitor.swift */ = {isa = PBXFileReference; lastKnownFileType = sourcecode.swift; path = LibraryMonitor.swift; sourceTree = "<group>"; };
		CE55CCEAE5F9B6D05CFCD1FD /* CalibreImportView.swift */ = {isa = PBXFileReference; lastKnownFileType = sourcecode.swift; path = CalibreImportView.swift; sourceTree = "<group>"; };
		D4DFC6EB19C484A316D3607E /* CalibreSchema.swift */ = {isa = PBXFileReference; lastKnownFileType = sourcecode.swift; path = CalibreSchema.swift; sourceTree = "<group>"; };
		D71CFB152C85ECD05FAEE34F /* MetadataEditorView.swift */ = {isa = PBXFileReference; lastKnownFileType = sourcecode.swift; path = MetadataEditorView.swift; sourceTree = "<group>"; };
		D97D5E795D3B6648EF62BB68 /* SendPlan.swift */ = {isa = PBXFileReference; lastKnownFileType = sourcecode.swift; path = SendPlan.swift; sourceTree = "<group>"; };
		DEFD333EB0AA1DFF27C99321 /* LibraryMonitorTests.swift */ = {isa = PBXFileReference; lastKnownFileType = sourcecode.swift; path = LibraryMonitorTests.swift; sourceTree = "<group>"; };
		DF714235D6DA039272631C7E /* LibraryRootCapabilitiesTests.swift */ = {isa = PBXFileReference; lastKnownFileType = sourcecode.swift; path = LibraryRootCapabilitiesTests.swift; sourceTree = "<group>"; };
		E58E824C700C1F72F39EF611 /* MetadataExtractorTests.swift */ = {isa = PBXFileReference; lastKnownFileType = sourcecode.swift; path = MetadataExtractorTests.swift; sourceTree = "<group>"; };
		E69AC8C98AF3647750233620 /* CalibreMetadataCacheTests.swift */ = {isa = PBXFileReference; lastKnownFileType = sourcecode.swift; path = CalibreMetadataCacheTests.swift; sourceTree = "<group>"; };
		E7CBC51BD2A47AD934452F83 /* DeviceBooksView.swift */ = {isa = PBXFileReference; lastKnownFileType = sourcecode.swift; path = DeviceBooksView.swift; sourceTree = "<group>"; };
		E828C0124F1B0E570B6BB023 /* OfflineBookEditTests.swift */ = {isa = PBXFileReference; lastKnownFileType = sourcecode.swift; path = OfflineBookEditTests.swift; sourceTree = "<group>"; };
		E84E5F580EC7EE78C56E7E93 /* LocalCatalogBatchTests.swift */ = {isa = PBXFileReference; lastKnownFileType = sourcecode.swift; path = LocalCatalogBatchTests.swift; sourceTree = "<group>"; };
		EA00130013634EE3D52C9CCF /* BookManagerCore.framework */ = {isa = PBXFileReference; explicitFileType = wrapper.framework; includeInIndex = 0; path = BookManagerCore.framework; sourceTree = BUILT_PRODUCTS_DIR; };
		EA4B86F12214E06370756A8C /* MetadataLookupService.swift */ = {isa = PBXFileReference; lastKnownFileType = sourcecode.swift; path = MetadataLookupService.swift; sourceTree = "<group>"; };
		EEFDAE49CAE9FF70035E4F38 /* LibraryLayout.swift */ = {isa = PBXFileReference; lastKnownFileType = sourcecode.swift; path = LibraryLayout.swift; sourceTree = "<group>"; };
		F423D17FB570A461C7A9F6C2 /* Notices.md */ = {isa = PBXFileReference; lastKnownFileType = net.daringfireball.markdown; path = Notices.md; sourceTree = "<group>"; };
		F482B06B8D21616958ACE5D6 /* MobiToEpubConverterTests.swift */ = {isa = PBXFileReference; lastKnownFileType = sourcecode.swift; path = MobiToEpubConverterTests.swift; sourceTree = "<group>"; };
		F788726BC33346C140CF988F /* ChangeStore.swift */ = {isa = PBXFileReference; lastKnownFileType = sourcecode.swift; path = ChangeStore.swift; sourceTree = "<group>"; };
		F82F4B392AF4CDF2362131D9 /* DeviceTransport.swift */ = {isa = PBXFileReference; lastKnownFileType = sourcecode.swift; path = DeviceTransport.swift; sourceTree = "<group>"; };
		FCE9B149EF006C42E615AE2E /* GoogleBooksSource.swift */ = {isa = PBXFileReference; lastKnownFileType = sourcecode.swift; path = GoogleBooksSource.swift; sourceTree = "<group>"; };
		FCEEC7381A553046ADC227C6 /* MetadataMergePlan.swift */ = {isa = PBXFileReference; lastKnownFileType = sourcecode.swift; path = MetadataMergePlan.swift; sourceTree = "<group>"; };
		FE22DC7A79DA7703CE5EF160 /* LibraryWelcomeView.swift */ = {isa = PBXFileReference; lastKnownFileType = sourcecode.swift; path = LibraryWelcomeView.swift; sourceTree = "<group>"; };
		FF7CB4109844BE855474503A /* MobiImportServiceTests.swift */ = {isa = PBXFileReference; lastKnownFileType = sourcecode.swift; path = MobiImportServiceTests.swift; sourceTree = "<group>"; };
		FFDC0677C744390DB4F5CB35 /* fixture.mobi */ = {isa = PBXFileReference; path = fixture.mobi; sourceTree = "<group>"; };
/* End PBXFileReference section */

/* Begin PBXFrameworksBuildPhase section */
		59228E40D4DAEE0C70E843E3 /* Frameworks */ = {
			isa = PBXFrameworksBuildPhase;
			buildActionMask = 2147483647;
			files = (
				332A7B733BC508252826E4FF /* BookManagerCore.framework in Frameworks */,
				1EB7D845512F28CEB3309FEB /* GRDB in Frameworks */,
				620DE3A55974B7D0A1F0DE51 /* ZIPFoundation in Frameworks */,
				43D00CA88D657E24A6B98BBC /* libmobi in Frameworks */,
			);
			runOnlyForDeploymentPostprocessing = 0;
		};
		7C4AC0C63A079830FD99B0A4 /* Frameworks */ = {
			isa = PBXFrameworksBuildPhase;
			buildActionMask = 2147483647;
			files = (
				1680E06ADD1A537B0869D47F /* Automerge in Frameworks */,
				C0330A6A992BC0A8C6BFCC73 /* GRDB in Frameworks */,
				A2B9362E46338E80EE4993CD /* ZIPFoundation in Frameworks */,
				00533F7C898020A76C4C2B97 /* libmobi in Frameworks */,
				3E6405355AA548594B3FE8CC /* SwiftMTPAsync in Frameworks */,
				165FF254C4D1D19E8ED6B468 /* MTPKit in Frameworks */,
			);
			runOnlyForDeploymentPostprocessing = 0;
		};
		FC8D4EF2A4C00D62572E9DF1 /* Frameworks */ = {
			isa = PBXFrameworksBuildPhase;
			buildActionMask = 2147483647;
			files = (
				4584CCB0ADA30F9D98E20189 /* BookManagerCore.framework in Frameworks */,
			);
			runOnlyForDeploymentPostprocessing = 0;
		};
/* End PBXFrameworksBuildPhase section */

/* Begin PBXGroup section */
		19592F55293CD526C10F3A9B /* Sync */ = {
			isa = PBXGroup;
			children = (
				306742D667B7DFBDDFB9FAF8 /* ConvergenceTests.swift */,
				8633065E1E28A56C11EAF21A /* FolderReconcilerTests.swift */,
				DEFD333EB0AA1DFF27C99321 /* LibraryMonitorTests.swift */,
				DF714235D6DA039272631C7E /* LibraryRootCapabilitiesTests.swift */,
				E828C0124F1B0E570B6BB023 /* OfflineBookEditTests.swift */,
				08E88890969521523F616EA1 /* OutboxTests.swift */,
				B145AF9C49E7AC45E606A6A2 /* SyncEngineTests.swift */,
				07A96CD3BD432BB8D30724F0 /* SyncStateTests.swift */,
			);
			path = Sync;
			sourceTree = "<group>";
		};
		2A84F03F839508F6FDC4056A /* Library */ = {
			isa = PBXGroup;
			children = (
				C3EB714E6E2C57690A730F94 /* BookFolder.swift */,
				AF92D8169ACA0A69C106B92F /* CanonicalPathBuilder.swift */,
				F788726BC33346C140CF988F /* ChangeStore.swift */,
				EEFDAE49CAE9FF70035E4F38 /* LibraryLayout.swift */,
				319E4E1F20D7F33431107B0C /* LibraryManifest.swift */,
				5A3D22208D73EACF693FC0B7 /* LibraryRepository.swift */,
				87B108E9D043C28A0ACA5B55 /* OpfGenerator.swift */,
			);
			path = Library;
			sourceTree = "<group>";
		};
		2E1A8CFAACB022E020BCD8F0 /* Persistence */ = {
			isa = PBXGroup;
			children = (
				18B93C18F17691B633BC2D72 /* IndexedBook.swift */,
				82B109E8EE3954F2A2256AB3 /* IndexedBookFactory.swift */,
				8BE40B965D5EDA49E3A144C2 /* JSONCoding.swift */,
				62FDDA6D5AACAA7BB66B6919 /* LocalCatalog.swift */,
			);
			path = Persistence;
			sourceTree = "<group>";
		};
		327B736DC5E5BC09435E2A8F = {
			isa = PBXGroup;
			children = (
				89A7899E6DDA7E73AE92A909 /* BookManager */,
				B8044857859E00D0D2BDC0A4 /* BookManagerCore */,
				A8569F69402B86FD45315CED /* BookManagerCoreTests */,
				75127D2EFD273BE02FDD5E33 /* BookManagerUITests */,
				D4969B27EA279A717E3FEA6F /* Products */,
			);
			sourceTree = "<group>";
		};
		38BFC033B7620DA2FD2B63BC /* CRDT */ = {
			isa = PBXGroup;
			children = (
				6076F102DADAF8E9CB9DEC47 /* AutomergeBookDocument.swift */,
				37F9BBB1AC9D128C81F9BE1A /* BookDocumentSchema.swift */,
				73AA6C7CC5DA69B3AD083C22 /* BookValues.swift */,
				877A41E8DB9729E29518A7F2 /* HybridLogicalClock.swift */,
			);
			path = CRDT;
			sourceTree = "<group>";
		};
		3D3B2FD37877910BD225F36E /* Devices */ = {
			isa = PBXGroup;
			children = (
				E69AC8C98AF3647750233620 /* CalibreMetadataCacheTests.swift */,
				4CC1AC7874219A6258B8102A /* DeviceBookScannerTests.swift */,
				43EA202AE9BDB7D5CA811756 /* DeviceRegistryTests.swift */,
				567FF81984C0719EB7E11C99 /* DeviceServicesTests.swift */,
				4540BF1FE4AA0CBEA1429A76 /* DeviceTransportTests.swift */,
				B57FA284528C430E6501BA8F /* MockTransport.swift */,
				86DA2E7BBD3D46D48403B424 /* MTPTransportTests.swift */,
				3DF69781560F6A54FAD6CAA1 /* SendPlanTests.swift */,
			);
			path = Devices;
			sourceTree = "<group>";
		};
		42FCE7E25F8D6755160E0EB3 /* MobiImport */ = {
			isa = PBXGroup;
			children = (
				2C1F1F91C47DF3B2B1AC8353 /* MobiReader.swift */,
				60D29F574EE7BF4507D9A9DB /* MobiToEpubConverter.swift */,
			);
			path = MobiImport;
			sourceTree = "<group>";
		};
		46564FDB1DA523DE7D6900D6 /* Library */ = {
			isa = PBXGroup;
			children = (
				A081C69F8BA6B08E869CAA8D /* BookFolderTests.swift */,
				8AC18E45CD5951112FF3275E /* CoverUpdateTests.swift */,
				B087736BE54EC57981680458 /* LibraryRepositoryTests.swift */,
				CA4DE265111712DFFE44F5CE /* LibraryStorageTests.swift */,
				9C42E39F44285DAA32EA9B93 /* RebuildProgressTests.swift */,
			);
			path = Library;
			sourceTree = "<group>";
		};
		4B7FB85F60ED0A19711138F9 /* App */ = {
			isa = PBXGroup;
			children = (
				B289E0169E06FC577EDE4155 /* BookManagerApp.swift */,
			);
			path = App;
			sourceTree = "<group>";
		};
		4E2FF353457BE77B27295F90 /* Calibre */ = {
			isa = PBXGroup;
			children = (
				95E635A094EA0EBACB33FE09 /* CalibreFixture.swift */,
				97FE4DDA5D650B5CCFA6A51D /* CalibreImportServiceTests.swift */,
				AA927B479D52396761EE4A89 /* CalibreRawPresenterTests.swift */,
				23170AE9E3BBE8D4759EC9A9 /* CalibreReaderTests.swift */,
			);
			path = Calibre;
			sourceTree = "<group>";
		};
		526B153B45574F871573D6F5 /* Fixtures */ = {
			isa = PBXGroup;
			children = (
				FFDC0677C744390DB4F5CB35 /* fixture.mobi */,
				3010AC8985FA5F12C3D45989 /* README.md */,
			);
			path = Fixtures;
			sourceTree = "<group>";
		};
		579CF99B960EA897CB8CD769 /* Enrichment */ = {
			isa = PBXGroup;
			children = (
				4973027E235C62C6A61C0133 /* MetadataLookupServiceTests.swift */,
				1AF1F9FA4EA58B5175954F01 /* MetadataMergePlanTests.swift */,
				5F2E4D2767153BF0EAB33F35 /* MetadataSourceDecodingTests.swift */,
			);
			path = Enrichment;
			sourceTree = "<group>";
		};
		5EAD02002B25C94B3AC709BD /* Calibre */ = {
			isa = PBXGroup;
			children = (
				5D641BF004408EB3B9B77D94 /* CalibreImportService.swift */,
				079C068688F6CB08D66D0E02 /* CalibreModels.swift */,
				85DFE90B2620F49E3523D712 /* CalibreRawPresenter.swift */,
				802704BFE3CB300D0F43F579 /* CalibreReader.swift */,
				D4DFC6EB19C484A316D3607E /* CalibreSchema.swift */,
			);
			path = Calibre;
			sourceTree = "<group>";
		};
		75127D2EFD273BE02FDD5E33 /* BookManagerUITests */ = {
			isa = PBXGroup;
			children = (
				2F5B9507D6E9B4C1969F6D12 /* BookManagerUITests.swift */,
			);
			path = BookManagerUITests;
			sourceTree = "<group>";
		};
		75D5D4AF4DB8C5B106A0E311 /* Sync */ = {
			isa = PBXGroup;
			children = (
				7E5DE14BC9F4468F2E6D4B2E /* FolderReconciler.swift */,
				CD9A70512BF0E2BD885A0A06 /* LibraryMonitor.swift */,
				49CF48B554295CF4D9801062 /* LibraryRootCapabilities.swift */,
				AC99822D51C0AD9570DC7085 /* OfflineBookEdit.swift */,
				831A8F5A9C65AC141D9489A3 /* Outbox.swift */,
				15CCDEA23484F35FAA7931CE /* SyncEngine.swift */,
				C3182B6AF520D7EFC945903C /* SyncEventSource.swift */,
				1FD4E85652ACB9A8051E10ED /* SyncState.swift */,
			);
			path = Sync;
			sourceTree = "<group>";
		};
		7C52F8289F37DF38E3D293B5 /* MobiImport */ = {
			isa = PBXGroup;
			children = (
				FF7CB4109844BE855474503A /* MobiImportServiceTests.swift */,
				1925053B04DC6EE30396716D /* MobiReaderTests.swift */,
				84DE217284395F24110DEF8B /* MobiSmokeTests.swift */,
				F482B06B8D21616958ACE5D6 /* MobiToEpubConverterTests.swift */,
				526B153B45574F871573D6F5 /* Fixtures */,
			);
			path = MobiImport;
			sourceTree = "<group>";
		};
		85FAE4F71C8702C0BB905DEF /* Resources */ = {
			isa = PBXGroup;
			children = (
				F423D17FB570A461C7A9F6C2 /* Notices.md */,
			);
			path = Resources;
			sourceTree = "<group>";
		};
		89A7899E6DDA7E73AE92A909 /* BookManager */ = {
			isa = PBXGroup;
			children = (
				4B7FB85F60ED0A19711138F9 /* App */,
				85FAE4F71C8702C0BB905DEF /* Resources */,
				D7DA8F7B33155B208F428C14 /* Stores */,
				BF14474B68085C32ED73E167 /* Views */,
			);
			path = BookManager;
			sourceTree = "<group>";
		};
		92D05E28BCC2184021C8207A /* Persistence */ = {
			isa = PBXGroup;
			children = (
				E84E5F580EC7EE78C56E7E93 /* LocalCatalogBatchTests.swift */,
				6BA162F96FEA4B520BEAED4B /* LocalCatalogTests.swift */,
				341FA2B572ABD1C178DBD749 /* LocalCatalogV2Tests.swift */,
				1F61061962E1A09D8CDFC2E0 /* LocalCatalogV3Tests.swift */,
			);
			path = Persistence;
			sourceTree = "<group>";
		};
		A279AED195942E6985F09203 /* Security */ = {
			isa = PBXGroup;
			children = (
				15750DA3DBE4AA0973C9D96E /* LibraryBookmarkStoreTests.swift */,
			);
			path = Security;
			sourceTree = "<group>";
		};
		A3F3F4A7C249F5D97BF4ECC9 /* CRDT */ = {
			isa = PBXGroup;
			children = (
				0097D35A33C980715FF58C71 /* AutomergeBookDocumentTests.swift */,
				A06A187727B29B451ABE5C75 /* HybridLogicalClockTests.swift */,
				16E1EA0FB51BAD838C8A802E /* SchemaV2Tests.swift */,
			);
			path = CRDT;
			sourceTree = "<group>";
		};
		A8569F69402B86FD45315CED /* BookManagerCoreTests */ = {
			isa = PBXGroup;
			children = (
				8D80E3D97EA38642A0D352DA /* ScaffoldTests.swift */,
				4E2FF353457BE77B27295F90 /* Calibre */,
				A3F3F4A7C249F5D97BF4ECC9 /* CRDT */,
				3D3B2FD37877910BD225F36E /* Devices */,
				579CF99B960EA897CB8CD769 /* Enrichment */,
				EFE25BE174A14C46990DEC55 /* Import */,
				46564FDB1DA523DE7D6900D6 /* Library */,
				7C52F8289F37DF38E3D293B5 /* MobiImport */,
				DD736C9339A623C332AA90EF /* Performance */,
				92D05E28BCC2184021C8207A /* Persistence */,
				A279AED195942E6985F09203 /* Security */,
				B569D370623BB2E8C047EC93 /* Selection */,
				19592F55293CD526C10F3A9B /* Sync */,
			);
			path = BookManagerCoreTests;
			sourceTree = "<group>";
		};
		AA69942E16682B988E31F71A /* MTP */ = {
			isa = PBXGroup;
			children = (
				BC6DB53650FE45D45A29B718 /* MTPKitTransport.swift */,
				C905BCFF7A2420DAE51E33E6 /* MTPTransport.swift */,
			);
			path = MTP;
			sourceTree = "<group>";
		};
		B569D370623BB2E8C047EC93 /* Selection */ = {
			isa = PBXGroup;
			children = (
				1EE9D33E3A89CB5F811661DF /* GridSelectionSemanticsTests.swift */,
			);
			path = Selection;
			sourceTree = "<group>";
		};
		B8044857859E00D0D2BDC0A4 /* BookManagerCore */ = {
			isa = PBXGroup;
			children = (
				5EFBA8EB5B9ADFEB3ACDE0B7 /* BookManagerCore.swift */,
				5EAD02002B25C94B3AC709BD /* Calibre */,
				38BFC033B7620DA2FD2B63BC /* CRDT */,
				FB3FC77045983987525D3E78 /* Devices */,
				FCB5E4F545B497F91C6B6F4E /* Enrichment */,
				C83CC43C3FBA165974FBB7FD /* Import */,
				2A84F03F839508F6FDC4056A /* Library */,
				42FCE7E25F8D6755160E0EB3 /* MobiImport */,
				2E1A8CFAACB022E020BCD8F0 /* Persistence */,
				DF93D02A02E6625709DAF790 /* Security */,
				CD24E25AF4B388457ED2C0E7 /* Selection */,
				75D5D4AF4DB8C5B106A0E311 /* Sync */,
			);
			path = BookManagerCore;
			sourceTree = "<group>";
		};
		BF14474B68085C32ED73E167 /* Views */ = {
			isa = PBXGroup;
			children = (
				2F85A5AC2D875F58F5C593C7 /* BookInspectorView.swift */,
				B299D92FE747584FDD46D395 /* BookTableView.swift */,
				CE55CCEAE5F9B6D05CFCD1FD /* CalibreImportView.swift */,
				A6E24C22DC0D497C119E3503 /* ContentView.swift */,
				922F216A8DB77886FEE7AC6E /* CoverGridView.swift */,
				E7CBC51BD2A47AD934452F83 /* DeviceBooksView.swift */,
				8AB6243EDA7B5EAFD4AB27C9 /* DiagnosticsView.swift */,
				768C45F6FF1C77FFEA249DA5 /* ImportReportView.swift */,
				FE22DC7A79DA7703CE5EF160 /* LibraryWelcomeView.swift */,
				D71CFB152C85ECD05FAEE34F /* MetadataEditorView.swift */,
				B9A6BD3BB3D5AE6C450E247B /* MetadataMergeReviewSheet.swift */,
				53DCEA28EE0C12D03C85E45B /* MetadataReviewSheet.swift */,
				C54B8B51C276C362152C6141 /* SendReportView.swift */,
				2E1B0345E4E97988D789C4A5 /* SidebarView.swift */,
			);
			path = Views;
			sourceTree = "<group>";
		};
		C83CC43C3FBA165974FBB7FD /* Import */ = {
			isa = PBXGroup;
			children = (
				CAA97EB7CDB42EFE46F1706D /* ImportService.swift */,
				80FA4E133A75F9A48729A914 /* MetadataExtractor.swift */,
			);
			path = Import;
			sourceTree = "<group>";
		};
		CD24E25AF4B388457ED2C0E7 /* Selection */ = {
			isa = PBXGroup;
			children = (
				40F349DC5B3BC95D5E3FC6D6 /* GridSelectionSemantics.swift */,
			);
			path = Selection;
			sourceTree = "<group>";
		};
		D4969B27EA279A717E3FEA6F /* Products */ = {
			isa = PBXGroup;
			children = (
				63AD723FE46B91B5A9434459 /* BookManager.app */,
				EA00130013634EE3D52C9CCF /* BookManagerCore.framework */,
				BCEE9E484F2ACD21E4012F92 /* BookManagerCoreTests.xctest */,
				B73B13122D2268E5ECE2B45C /* BookManagerUITests.xctest */,
			);
			name = Products;
			sourceTree = "<group>";
		};
		D7DA8F7B33155B208F428C14 /* Stores */ = {
			isa = PBXGroup;
			children = (
				439CAE5BC99FD34EB367DECE /* DeviceManager.swift */,
				A230E717F0A049BE946E41FF /* LibrarySession.swift */,
				B8F482AB5AA370AD5457130D /* ThumbnailCache.swift */,
			);
			path = Stores;
			sourceTree = "<group>";
		};
		DD736C9339A623C332AA90EF /* Performance */ = {
			isa = PBXGroup;
			children = (
				9849D0FE535CE38AD33777AD /* PerformanceTests.swift */,
			);
			path = Performance;
			sourceTree = "<group>";
		};
		DF93D02A02E6625709DAF790 /* Security */ = {
			isa = PBXGroup;
			children = (
				10C0171D18484766BD7A3C27 /* LibraryBookmarkStore.swift */,
			);
			path = Security;
			sourceTree = "<group>";
		};
		EFE25BE174A14C46990DEC55 /* Import */ = {
			isa = PBXGroup;
			children = (
				08CB9DC449D9806CB41CBEA1 /* Fixtures.swift */,
				C658484E2B3B70B7D3858968 /* ImportServiceTests.swift */,
				E58E824C700C1F72F39EF611 /* MetadataExtractorTests.swift */,
			);
			path = Import;
			sourceTree = "<group>";
		};
		FB3FC77045983987525D3E78 /* Devices */ = {
			isa = PBXGroup;
			children = (
				9C46F7B45045AD369F5DC102 /* CalibreMetadataCache.swift */,
				41AE1CF600A8CDAC31E619E5 /* DeviceBookScanner.swift */,
				7D790C18B565FA9F3EDDA5F2 /* DeviceImportService.swift */,
				01B6AF5FB9D196B6D8E1B13D /* DeviceProfile.swift */,
				79EBAD1B11D265EC1C76762B /* DeviceRegistry.swift */,
				14DB9A03220A653427F85867 /* DeviceSendService.swift */,
				F82F4B392AF4CDF2362131D9 /* DeviceTransport.swift */,
				0FCD8104FD5D44DD32AA2AAB /* FormatConverter.swift */,
				D97D5E795D3B6648EF62BB68 /* SendPlan.swift */,
				800F16E7F8AF7EFF8A5FD0AB /* SendReport.swift */,
				AA69942E16682B988E31F71A /* MTP */,
			);
			path = Devices;
			sourceTree = "<group>";
		};
		FCB5E4F545B497F91C6B6F4E /* Enrichment */ = {
			isa = PBXGroup;
			children = (
				FCE9B149EF006C42E615AE2E /* GoogleBooksSource.swift */,
				EA4B86F12214E06370756A8C /* MetadataLookupService.swift */,
				FCEEC7381A553046ADC227C6 /* MetadataMergePlan.swift */,
				A5A6CBF7371DBCFE0E1C2878 /* MetadataModels.swift */,
				651CC44426DB5A06A9FAD739 /* MetadataRegistry.swift */,
				03238F1DFA50DAF6674FEADF /* MetadataSourceProviding.swift */,
				3946434A5738F2318D3DB0D6 /* OpenLibrarySource.swift */,
			);
			path = Enrichment;
			sourceTree = "<group>";
		};
/* End PBXGroup section */

/* Begin PBXNativeTarget section */
		233D58E63E528BC499BD6D97 /* BookManagerCore */ = {
			isa = PBXNativeTarget;
			buildConfigurationList = B41833F854DF794EECC076A0 /* Build configuration list for PBXNativeTarget "BookManagerCore" */;
			buildPhases = (
				1BA5542F139C84E197D07F62 /* Sources */,
				7C4AC0C63A079830FD99B0A4 /* Frameworks */,
			);
			buildRules = (
			);
			dependencies = (
			);
			name = BookManagerCore;
			packageProductDependencies = (
				E73D1BC292F51DC0789C0A2A /* Automerge */,
				2F280E3BD3CAFCA30F17AC99 /* GRDB */,
				1BE2846B48AD04727891E7C4 /* ZIPFoundation */,
				A3B7696ECD66EDD998821F5C /* libmobi */,
				6DD7D77391BABA00A2C94561 /* SwiftMTPAsync */,
				2684F3D91C4B009F3E9D574C /* MTPKit */,
			);
			productName = BookManagerCore;
			productReference = EA00130013634EE3D52C9CCF /* BookManagerCore.framework */;
			productType = "com.apple.product-type.framework";
		};
		45DA5330A15A4213776A4CE0 /* BookManager */ = {
			isa = PBXNativeTarget;
			buildConfigurationList = 617C1207337E59571C911B5E /* Build configuration list for PBXNativeTarget "BookManager" */;
			buildPhases = (
				B74959C46B8284EA9E1CE080 /* Sources */,
				D18A4C6CF34D92A2E574FF9D /* Resources */,
				FC8D4EF2A4C00D62572E9DF1 /* Frameworks */,
				ED30252B1095F8F6734E006C /* Embed Frameworks */,
			);
			buildRules = (
			);
			dependencies = (
				612164833F5FB6D87A7C3865 /* PBXTargetDependency */,
			);
			name = BookManager;
			packageProductDependencies = (
			);
			productName = BookManager;
			productReference = 63AD723FE46B91B5A9434459 /* BookManager.app */;
			productType = "com.apple.product-type.application";
		};
		60BBB7D9717725AF4BD9A164 /* BookManagerUITests */ = {
			isa = PBXNativeTarget;
			buildConfigurationList = 70D7E381F3779DBC4AB1770B /* Build configuration list for PBXNativeTarget "BookManagerUITests" */;
			buildPhases = (
				37507851861CD4C49E34FB9B /* Sources */,
			);
			buildRules = (
			);
			dependencies = (
				5B7D822D22FEC8B30CD87AA5 /* PBXTargetDependency */,
			);
			name = BookManagerUITests;
			packageProductDependencies = (
			);
			productName = BookManagerUITests;
			productReference = B73B13122D2268E5ECE2B45C /* BookManagerUITests.xctest */;
			productType = "com.apple.product-type.bundle.ui-testing";
		};
		D4043808E2BE2A606480056A /* BookManagerCoreTests */ = {
			isa = PBXNativeTarget;
			buildConfigurationList = 4F4D9AB7B459933BECA81F9E /* Build configuration list for PBXNativeTarget "BookManagerCoreTests" */;
			buildPhases = (
				8990FD6F04665BF14CB1E245 /* Sources */,
				077B4468F85A3BD7E3BFD6E6 /* Resources */,
				59228E40D4DAEE0C70E843E3 /* Frameworks */,
				551DBF72B20B1959F05BFE8A /* Embed Frameworks */,
			);
			buildRules = (
			);
			dependencies = (
				855D81DD0C1DB552BB938830 /* PBXTargetDependency */,
			);
			name = BookManagerCoreTests;
			packageProductDependencies = (
				770243B41284AFCA8EC2E14D /* GRDB */,
				3818F9695548F67FF6E86321 /* ZIPFoundation */,
				AF964C278D074E278988AB3E /* libmobi */,
			);
			productName = BookManagerCoreTests;
			productReference = BCEE9E484F2ACD21E4012F92 /* BookManagerCoreTests.xctest */;
			productType = "com.apple.product-type.bundle.unit-test";
		};
/* End PBXNativeTarget section */

/* Begin PBXProject section */
		CBA6B73B6F3908DC3A351113 /* Project object */ = {
			isa = PBXProject;
			attributes = {
				BuildIndependentTargetsInParallel = YES;
				LastUpgradeCheck = 1430;
				TargetAttributes = {
					45DA5330A15A4213776A4CE0 = {
						DevelopmentTeam = N7J3BYZ94H;
						ProvisioningStyle = Automatic;
					};
					60BBB7D9717725AF4BD9A164 = {
						TestTargetID = 45DA5330A15A4213776A4CE0;
					};
				};
			};
			buildConfigurationList = 30F857B05DB2260E006E4D1D /* Build configuration list for PBXProject "BookManager" */;
			developmentRegion = en;
			hasScannedForEncodings = 0;
			knownRegions = (
				Base,
				en,
			);
			mainGroup = 327B736DC5E5BC09435E2A8F;
			minimizedProjectReferenceProxies = 1;
			packageReferences = (
				A0D7C7F521C2750001B7D268 /* XCRemoteSwiftPackageReference "automerge-swift" */,
				B15CFCE30AD86161C178C8C3 /* XCRemoteSwiftPackageReference "GRDB.swift" */,
				6BD31C5A21CB3CFB74E6A5DB /* XCRemoteSwiftPackageReference "MTPKit" */,
				44635DEC287817240082396B /* XCRemoteSwiftPackageReference "ZIPFoundation" */,
				CCA3476DA7C649DCF69BDF4C /* XCRemoteSwiftPackageReference "libmobi-swift" */,
				59B87C0328B4918A7F6B0165 /* XCRemoteSwiftPackageReference "swift-mtp" */,
			);
			preferredProjectObjectVersion = 77;
			productRefGroup = D4969B27EA279A717E3FEA6F /* Products */;
			projectDirPath = "";
			projectRoot = "";
			targets = (
				45DA5330A15A4213776A4CE0 /* BookManager */,
				233D58E63E528BC499BD6D97 /* BookManagerCore */,
				D4043808E2BE2A606480056A /* BookManagerCoreTests */,
				60BBB7D9717725AF4BD9A164 /* BookManagerUITests */,
			);
		};
/* End PBXProject section */

/* Begin PBXResourcesBuildPhase section */
		077B4468F85A3BD7E3BFD6E6 /* Resources */ = {
			isa = PBXResourcesBuildPhase;
			buildActionMask = 2147483647;
			files = (
				F1402525FFD7B2EEA7A2FD73 /* README.md in Resources */,
				2918DE3E2EF2ECDCCC9D71C3 /* fixture.mobi in Resources */,
			);
			runOnlyForDeploymentPostprocessing = 0;
		};
		D18A4C6CF34D92A2E574FF9D /* Resources */ = {
			isa = PBXResourcesBuildPhase;
			buildActionMask = 2147483647;
			files = (
				9BE4FC702C069B76A295F442 /* Notices.md in Resources */,
			);
			runOnlyForDeploymentPostprocessing = 0;
		};
/* End PBXResourcesBuildPhase section */

/* Begin PBXSourcesBuildPhase section */
		1BA5542F139C84E197D07F62 /* Sources */ = {
			isa = PBXSourcesBuildPhase;
			buildActionMask = 2147483647;
			files = (
				DD60BC9BD9A5F13C69FB3B1D /* AutomergeBookDocument.swift in Sources */,
				25DDA9C20029305707541FC9 /* BookDocumentSchema.swift in Sources */,
				D0A566804E7EB2792EA61B9B /* BookFolder.swift in Sources */,
				9183F4EC121E5930C3EC68B5 /* BookManagerCore.swift in Sources */,
				39438DD4434B1AAEB59D16C2 /* BookValues.swift in Sources */,
				56CDE45433D411226EA911D7 /* CalibreImportService.swift in Sources */,
				94FD51FDFCCD95FA5C820D7B /* CalibreMetadataCache.swift in Sources */,
				3E02ECDBF31FC3D2B102C6E2 /* CalibreModels.swift in Sources */,
				7F14EE7197CF8AEC00B99EE8 /* CalibreRawPresenter.swift in Sources */,
				6C54676875279A32CC2E612D /* CalibreReader.swift in Sources */,
				FDAC49512A213E35BD2BC563 /* CalibreSchema.swift in Sources */,
				C7BBF02DC45A22F1113E8230 /* CanonicalPathBuilder.swift in Sources */,
				9D86CAE107CBE6D0D34B7301 /* ChangeStore.swift in Sources */,
				DA7993EAD5D8C6607CA1D374 /* DeviceBookScanner.swift in Sources */,
				21DCF5333E7E6C600519B536 /* DeviceImportService.swift in Sources */,
				E4E5C1E036F261CE28B932AB /* DeviceProfile.swift in Sources */,
				1ED0F97BCD77A7F64BD7C661 /* DeviceRegistry.swift in Sources */,
				54DE3555646097AA3C44B87B /* DeviceSendService.swift in Sources */,
				8D3BB95B4C7C2C70A4551855 /* DeviceTransport.swift in Sources */,
				D937949FDF9C4CFAE6CBF872 /* FolderReconciler.swift in Sources */,
				11C3140491DF9252BABB852C /* FormatConverter.swift in Sources */,
				8CEC76754C14E7E2C9499F86 /* GoogleBooksSource.swift in Sources */,
				A62EF23E76E0C17875AEB31E /* GridSelectionSemantics.swift in Sources */,
				409E04ECB1ACF22D0BB109F8 /* HybridLogicalClock.swift in Sources */,
				082DEE0D492D2C77CC763261 /* ImportService.swift in Sources */,
				7071C6A3153AE657C95AB3AF /* IndexedBook.swift in Sources */,
				ED61E5B5D5B32139023D5B41 /* IndexedBookFactory.swift in Sources */,
				C1DD8FF26D317007FAE4A118 /* JSONCoding.swift in Sources */,
				4ACDD55DE290A18AF7204E1B /* LibraryBookmarkStore.swift in Sources */,
				614F0F5C1822825B76C51004 /* LibraryLayout.swift in Sources */,
				CCFF152341FBF41AB91B2514 /* LibraryManifest.swift in Sources */,
				DABD0CFACE57C819139FF97E /* LibraryMonitor.swift in Sources */,
				831C278B8D9BC7CD1599A1D6 /* LibraryRepository.swift in Sources */,
				CB4C2B0FABFAB738F11A1BAC /* LibraryRootCapabilities.swift in Sources */,
				D71D91C038D0BB6C876154B5 /* LocalCatalog.swift in Sources */,
				0C61A8ACB4491EADC288511E /* MTPKitTransport.swift in Sources */,
				028AFE7DC025F5D5D081347A /* MTPTransport.swift in Sources */,
				089BEE925C9BEC5CAAF0D77A /* MetadataExtractor.swift in Sources */,
				CC62884E91FC02938D5BD6FA /* MetadataLookupService.swift in Sources */,
				5FE5C12E6FC3F759C1CC34F4 /* MetadataMergePlan.swift in Sources */,
				8BA90F9BB1175B44D7AC2490 /* MetadataModels.swift in Sources */,
				82535D46D81E075403A06588 /* MetadataRegistry.swift in Sources */,
				3E0B4CA8C38FC8B5342116AC /* MetadataSourceProviding.swift in Sources */,
				DFF5AD1F70707F352C0B9452 /* MobiReader.swift in Sources */,
				642B072594C3F0AF2813768C /* MobiToEpubConverter.swift in Sources */,
				D3D0C78B0CF3FB3B24076660 /* OfflineBookEdit.swift in Sources */,
				3E8CB6221E500E8D0E2D83AF /* OpenLibrarySource.swift in Sources */,
				80BE13BB3F9011EE10E4B2C0 /* OpfGenerator.swift in Sources */,
				A8B6BEB211835C8B192DA408 /* Outbox.swift in Sources */,
				112914843DEE19AF2ACA255E /* SendPlan.swift in Sources */,
				8FB7D9B5E54B66EAF28DA4E1 /* SendReport.swift in Sources */,
				787EB9CDC6E3CBB1CDBBD640 /* SyncEngine.swift in Sources */,
				07351E5DB1A68205C5719835 /* SyncEventSource.swift in Sources */,
				019F7EC80783974F626D160C /* SyncState.swift in Sources */,
			);
			runOnlyForDeploymentPostprocessing = 0;
		};
		37507851861CD4C49E34FB9B /* Sources */ = {
			isa = PBXSourcesBuildPhase;
			buildActionMask = 2147483647;
			files = (
				0E7B22D1EA6EB703346AE527 /* BookManagerUITests.swift in Sources */,
			);
			runOnlyForDeploymentPostprocessing = 0;
		};
		8990FD6F04665BF14CB1E245 /* Sources */ = {
			isa = PBXSourcesBuildPhase;
			buildActionMask = 2147483647;
			files = (
				8148952FF9AF030878F61555 /* AutomergeBookDocumentTests.swift in Sources */,
				E6EA0292FF2754A8B986793D /* BookFolderTests.swift in Sources */,
				F1CD061759873083CBD09F28 /* CalibreFixture.swift in Sources */,
				9C10720CAD6A1CD058205BE5 /* CalibreImportServiceTests.swift in Sources */,
				492DC8918261793A5F4D188D /* CalibreMetadataCacheTests.swift in Sources */,
				18D5B7E4B72E772DE7362FBD /* CalibreRawPresenterTests.swift in Sources */,
				330F88F83159D6D8E5F2E908 /* CalibreReaderTests.swift in Sources */,
				73BD2D163C0196607DA35916 /* ConvergenceTests.swift in Sources */,
				E4C65357A8A932CBDF092F5A /* CoverUpdateTests.swift in Sources */,
				42FF96DCA918CB07FA010F04 /* DeviceBookScannerTests.swift in Sources */,
				795CB75D48A16F3E2FF4C68C /* DeviceRegistryTests.swift in Sources */,
				B6EC808209FD3D64302B0152 /* DeviceServicesTests.swift in Sources */,
				743D81FAE5031A5571CA7226 /* DeviceTransportTests.swift in Sources */,
				7413F3389FB8C25A4F071CC8 /* Fixtures.swift in Sources */,
				CF48364CE47026AEE1274504 /* FolderReconcilerTests.swift in Sources */,
				B7A5203046D0B8362189BF97 /* GridSelectionSemanticsTests.swift in Sources */,
				B0A7E25FDC54B9CAE94B1798 /* HybridLogicalClockTests.swift in Sources */,
				8CF594EDFCC26065337217AC /* ImportServiceTests.swift in Sources */,
				749A78570335D7AA0AC3C08F /* LibraryBookmarkStoreTests.swift in Sources */,
				D4EA8BDBE47C3BA2A92DF62C /* LibraryMonitorTests.swift in Sources */,
				983C436D170FBDE137BDBE92 /* LibraryRepositoryTests.swift in Sources */,
				15A2A1C2A92042F7CD15541D /* LibraryRootCapabilitiesTests.swift in Sources */,
				2AF79754097A6BBA6AF9274A /* LibraryStorageTests.swift in Sources */,
				606B0D81546CCAE5CDA94706 /* LocalCatalogBatchTests.swift in Sources */,
				3DDAFFF7CA4910DC6D42CFE1 /* LocalCatalogTests.swift in Sources */,
				B867C92933B7AAAEABB6F6EC /* LocalCatalogV2Tests.swift in Sources */,
				8790F01632265076BF031B97 /* LocalCatalogV3Tests.swift in Sources */,
				933282CEA75382DA278BDB0B /* MTPTransportTests.swift in Sources */,
				D5658B0F5AE2B7F1A4FE8AB2 /* MetadataExtractorTests.swift in Sources */,
				220E43EBA7E61CCF0E79E4D6 /* MetadataLookupServiceTests.swift in Sources */,
				08991F91CCEC88D2B617E8C4 /* MetadataMergePlanTests.swift in Sources */,
				A2B5CAB49BBCE42C57427012 /* MetadataSourceDecodingTests.swift in Sources */,
				29EDCC6B877FC2870885AD1E /* MobiImportServiceTests.swift in Sources */,
				EC91247A243EB6A6760A1FF4 /* MobiReaderTests.swift in Sources */,
				E015C9AA5207D2C3D1ECA2F7 /* MobiSmokeTests.swift in Sources */,
				AAA35E52FC377DDDCEA02B18 /* MobiToEpubConverterTests.swift in Sources */,
				D5169329807B9A5B1EEFC371 /* MockTransport.swift in Sources */,
				A6F468233A1ED389DFEFA655 /* OfflineBookEditTests.swift in Sources */,
				6E3CA17CFD3E05B07E9227D8 /* OutboxTests.swift in Sources */,
				3F72B39291984A1F8E406A53 /* PerformanceTests.swift in Sources */,
				F3484F5FF4388326DA02ACA6 /* RebuildProgressTests.swift in Sources */,
				9769ECB6981710022C7B217A /* ScaffoldTests.swift in Sources */,
				74708CC8E6E81471E111097D /* SchemaV2Tests.swift in Sources */,
				0247EB090E6DFB171714915D /* SendPlanTests.swift in Sources */,
				7332664DCFCB32B4B738DAEB /* SyncEngineTests.swift in Sources */,
				2328811870023130047DB74C /* SyncStateTests.swift in Sources */,
			);
			runOnlyForDeploymentPostprocessing = 0;
		};
		B74959C46B8284EA9E1CE080 /* Sources */ = {
			isa = PBXSourcesBuildPhase;
			buildActionMask = 2147483647;
			files = (
				EEDB3AAD9317EA56FAC1A0ED /* BookInspectorView.swift in Sources */,
				A0CF78A35D5B9D189902DF1E /* BookManagerApp.swift in Sources */,
				183696E853097A577B690223 /* BookTableView.swift in Sources */,
				FDF72C5AB371B8D58B183DA7 /* CalibreImportView.swift in Sources */,
				43F6F8FC156FB2A7AFF5EB98 /* ContentView.swift in Sources */,
				CD372D5D26ACA6955A952064 /* CoverGridView.swift in Sources */,
				2AA7EAE05AE8D25B702E30CA /* DeviceBooksView.swift in Sources */,
				161CF45F8B8E33B703A8170E /* DeviceManager.swift in Sources */,
				D6C1B3B2C636694F81452B78 /* DiagnosticsView.swift in Sources */,
				43CED18F41774E710AB5D0DF /* ImportReportView.swift in Sources */,
				050B0C32F9422ED9DE8FBFB8 /* LibrarySession.swift in Sources */,
				FB334598B1AEAE392B0A20D2 /* LibraryWelcomeView.swift in Sources */,
				6CFD9DA7BA4FEED223E643F0 /* MetadataEditorView.swift in Sources */,
				9D15D3667967207C1A72C66A /* MetadataMergeReviewSheet.swift in Sources */,
				D0C63273D9B67978CDAD0909 /* MetadataReviewSheet.swift in Sources */,
				7D7CCE30B141C2FF6B84FBA6 /* SendReportView.swift in Sources */,
				F2598A85042DDF22B167FD18 /* SidebarView.swift in Sources */,
				D62398DF22CF74C237F60AED /* ThumbnailCache.swift in Sources */,
			);
			runOnlyForDeploymentPostprocessing = 0;
		};
/* End PBXSourcesBuildPhase section */

/* Begin PBXTargetDependency section */
		5B7D822D22FEC8B30CD87AA5 /* PBXTargetDependency */ = {
			isa = PBXTargetDependency;
			target = 45DA5330A15A4213776A4CE0 /* BookManager */;
			targetProxy = 21FCC9F31CC46021232CC435 /* PBXContainerItemProxy */;
		};
		612164833F5FB6D87A7C3865 /* PBXTargetDependency */ = {
			isa = PBXTargetDependency;
			target = 233D58E63E528BC499BD6D97 /* BookManagerCore */;
			targetProxy = 446B7658A1B3895795E1DCD3 /* PBXContainerItemProxy */;
		};
		855D81DD0C1DB552BB938830 /* PBXTargetDependency */ = {
			isa = PBXTargetDependency;
			target = 233D58E63E528BC499BD6D97 /* BookManagerCore */;
			targetProxy = 036A0668A59E0D8F1601D7FD /* PBXContainerItemProxy */;
		};
/* End PBXTargetDependency section */

/* Begin XCBuildConfiguration section */
		369BA1EFE7F0126857FB20DA /* Debug */ = {
			isa = XCBuildConfiguration;
			buildSettings = {
				BUNDLE_LOADER = "$(TEST_HOST)";
				COMBINE_HIDPI_IMAGES = YES;
				GENERATE_INFOPLIST_FILE = YES;
				LD_RUNPATH_SEARCH_PATHS = (
					"$(inherited)",
					"@executable_path/../Frameworks",
					"@loader_path/../Frameworks",
				);
				PRODUCT_BUNDLE_IDENTIFIER = com.mattkevan.BookManagerCoreTests;
				SDKROOT = macosx;
			};
			name = Debug;
		};
		42D82D7E59BC8C0010BD7B54 /* Release */ = {
			isa = XCBuildConfiguration;
			buildSettings = {
				CODE_SIGN_IDENTITY = "";
				COMBINE_HIDPI_IMAGES = YES;
				CURRENT_PROJECT_VERSION = 1;
				DEFINES_MODULE = YES;
				DYLIB_COMPATIBILITY_VERSION = 1;
				DYLIB_CURRENT_VERSION = 1;
				DYLIB_INSTALL_NAME_BASE = "@rpath";
				GENERATE_INFOPLIST_FILE = YES;
				INSTALL_PATH = "$(LOCAL_LIBRARY_DIR)/Frameworks";
				LD_RUNPATH_SEARCH_PATHS = (
					"$(inherited)",
					"@executable_path/../Frameworks",
				);
				PRODUCT_BUNDLE_IDENTIFIER = com.mattkevan.BookManagerCore;
				SDKROOT = macosx;
				SKIP_INSTALL = YES;
				VERSIONING_SYSTEM = "apple-generic";
			};
			name = Release;
		};
		6483DFCF3354D1F06EBD70C1 /* Release */ = {
			isa = XCBuildConfiguration;
			buildSettings = {
				ALWAYS_SEARCH_USER_PATHS = NO;
				CLANG_ANALYZER_NONNULL = YES;
				CLANG_ANALYZER_NUMBER_OBJECT_CONVERSION = YES_AGGRESSIVE;
				CLANG_CXX_LANGUAGE_STANDARD = "gnu++14";
				CLANG_CXX_LIBRARY = "libc++";
				CLANG_ENABLE_MODULES = YES;
				CLANG_ENABLE_OBJC_ARC = YES;
				CLANG_ENABLE_OBJC_WEAK = YES;
				CLANG_WARN_BLOCK_CAPTURE_AUTORELEASING = YES;
				CLANG_WARN_BOOL_CONVERSION = YES;
				CLANG_WARN_COMMA = YES;
				CLANG_WARN_CONSTANT_CONVERSION = YES;
				CLANG_WARN_DEPRECATED_OBJC_IMPLEMENTATIONS = YES;
				CLANG_WARN_DIRECT_OBJC_ISA_USAGE = YES_ERROR;
				CLANG_WARN_DOCUMENTATION_COMMENTS = YES;
				CLANG_WARN_EMPTY_BODY = YES;
				CLANG_WARN_ENUM_CONVERSION = YES;
				CLANG_WARN_INFINITE_RECURSION = YES;
				CLANG_WARN_INT_CONVERSION = YES;
				CLANG_WARN_NON_LITERAL_NULL_CONVERSION = YES;
				CLANG_WARN_OBJC_IMPLICIT_RETAIN_SELF = YES;
				CLANG_WARN_OBJC_LITERAL_CONVERSION = YES;
				CLANG_WARN_OBJC_ROOT_CLASS = YES_ERROR;
				CLANG_WARN_QUOTED_INCLUDE_IN_FRAMEWORK_HEADER = YES;
				CLANG_WARN_RANGE_LOOP_ANALYSIS = YES;
				CLANG_WARN_STRICT_PROTOTYPES = YES;
				CLANG_WARN_SUSPICIOUS_MOVE = YES;
				CLANG_WARN_UNGUARDED_AVAILABILITY = YES_AGGRESSIVE;
				CLANG_WARN_UNREACHABLE_CODE = YES;
				CLANG_WARN__DUPLICATE_METHOD_MATCH = YES;
				COPY_PHASE_STRIP = NO;
				DEBUG_INFORMATION_FORMAT = "dwarf-with-dsym";
				ENABLE_NS_ASSERTIONS = NO;
				ENABLE_STRICT_OBJC_MSGSEND = YES;
				GCC_C_LANGUAGE_STANDARD = gnu11;
				GCC_NO_COMMON_BLOCKS = YES;
				GCC_WARN_64_TO_32_BIT_CONVERSION = YES;
				GCC_WARN_ABOUT_RETURN_TYPE = YES_ERROR;
				GCC_WARN_UNDECLARED_SELECTOR = YES;
				GCC_WARN_UNINITIALIZED_AUTOS = YES_AGGRESSIVE;
				GCC_WARN_UNUSED_FUNCTION = YES;
				GCC_WARN_UNUSED_VARIABLE = YES;
				MACOSX_DEPLOYMENT_TARGET = 26.0;
				MTL_ENABLE_DEBUG_INFO = NO;
				MTL_FAST_MATH = YES;
				PRODUCT_NAME = "$(TARGET_NAME)";
				SDKROOT = macosx;
				SWIFT_COMPILATION_MODE = wholemodule;
				SWIFT_OPTIMIZATION_LEVEL = "-O";
				SWIFT_STRICT_CONCURRENCY = complete;
				SWIFT_VERSION = 6.0;
			};
			name = Release;
		};
		68DF00EC6E67A53B4C575EDE /* Debug */ = {
			isa = XCBuildConfiguration;
			buildSettings = {
				BUNDLE_LOADER = "$(TEST_HOST)";
				COMBINE_HIDPI_IMAGES = YES;
				GENERATE_INFOPLIST_FILE = YES;
				LD_RUNPATH_SEARCH_PATHS = (
					"$(inherited)",
					"@executable_path/Frameworks",
					"@loader_path/Frameworks",
				);
				PRODUCT_BUNDLE_IDENTIFIER = com.mattkevan.BookManagerUITests;
				SDKROOT = macosx;
				TEST_TARGET_NAME = BookManager;
			};
			name = Debug;
		};
		7A0E31A4FC2167C8A709AC50 /* Debug */ = {
			isa = XCBuildConfiguration;
			buildSettings = {
				CODE_SIGN_IDENTITY = "";
				COMBINE_HIDPI_IMAGES = YES;
				CURRENT_PROJECT_VERSION = 1;
				DEFINES_MODULE = YES;
				DYLIB_COMPATIBILITY_VERSION = 1;
				DYLIB_CURRENT_VERSION = 1;
				DYLIB_INSTALL_NAME_BASE = "@rpath";
				GENERATE_INFOPLIST_FILE = YES;
				INSTALL_PATH = "$(LOCAL_LIBRARY_DIR)/Frameworks";
				LD_RUNPATH_SEARCH_PATHS = (
					"$(inherited)",
					"@executable_path/../Frameworks",
				);
				PRODUCT_BUNDLE_IDENTIFIER = com.mattkevan.BookManagerCore;
				SDKROOT = macosx;
				SKIP_INSTALL = YES;
				VERSIONING_SYSTEM = "apple-generic";
			};
			name = Debug;
		};
		8A1E6F0EC56EE8AD485B56E0 /* Release */ = {
			isa = XCBuildConfiguration;
			buildSettings = {
				BUNDLE_LOADER = "$(TEST_HOST)";
				COMBINE_HIDPI_IMAGES = YES;
				GENERATE_INFOPLIST_FILE = YES;
				LD_RUNPATH_SEARCH_PATHS = (
					"$(inherited)",
					"@executable_path/Frameworks",
					"@loader_path/Frameworks",
				);
				PRODUCT_BUNDLE_IDENTIFIER = com.mattkevan.BookManagerUITests;
				SDKROOT = macosx;
				TEST_TARGET_NAME = BookManager;
			};
			name = Release;
		};
		8C07F0AF05EA77EAF70A4F04 /* Debug */ = {
			isa = XCBuildConfiguration;
			buildSettings = {
				ASSETCATALOG_COMPILER_APPICON_NAME = AppIcon;
				CODE_SIGN_ENTITLEMENTS = Config/BookManager.entitlements;
				CODE_SIGN_STYLE = Automatic;
				COMBINE_HIDPI_IMAGES = YES;
				DEVELOPMENT_TEAM = N7J3BYZ94H;
				GENERATE_INFOPLIST_FILE = YES;
				INFOPLIST_KEY_CFBundleDisplayName = "Book Manager";
				INFOPLIST_KEY_LSApplicationCategoryType = "public.app-category.productivity";
				INFOPLIST_KEY_NSAppSleepDisabled = YES;
				LD_RUNPATH_SEARCH_PATHS = (
					"$(inherited)",
					"@executable_path/../Frameworks",
				);
				PRODUCT_BUNDLE_IDENTIFIER = com.mattkevan.BookManager;
				PRODUCT_NAME = BookManager;
				SDKROOT = macosx;
			};
			name = Debug;
		};
		91B232A2979F332E518FE90F /* Release */ = {
			isa = XCBuildConfiguration;
			buildSettings = {
				BUNDLE_LOADER = "$(TEST_HOST)";
				COMBINE_HIDPI_IMAGES = YES;
				GENERATE_INFOPLIST_FILE = YES;
				LD_RUNPATH_SEARCH_PATHS = (
					"$(inherited)",
					"@executable_path/../Frameworks",
					"@loader_path/../Frameworks",
				);
				PRODUCT_BUNDLE_IDENTIFIER = com.mattkevan.BookManagerCoreTests;
				SDKROOT = macosx;
			};
			name = Release;
		};
		9245CB6F62A9AC04FDBDC3B0 /* Release */ = {
			isa = XCBuildConfiguration;
			buildSettings = {
				ASSETCATALOG_COMPILER_APPICON_NAME = AppIcon;
				CODE_SIGN_ENTITLEMENTS = Config/BookManager.entitlements;
				CODE_SIGN_STYLE = Automatic;
				COMBINE_HIDPI_IMAGES = YES;
				DEVELOPMENT_TEAM = N7J3BYZ94H;
				GENERATE_INFOPLIST_FILE = YES;
				INFOPLIST_KEY_CFBundleDisplayName = "Book Manager";
				INFOPLIST_KEY_LSApplicationCategoryType = "public.app-category.productivity";
				INFOPLIST_KEY_NSAppSleepDisabled = YES;
				LD_RUNPATH_SEARCH_PATHS = (
					"$(inherited)",
					"@executable_path/../Frameworks",
				);
				PRODUCT_BUNDLE_IDENTIFIER = com.mattkevan.BookManager;
				PRODUCT_NAME = BookManager;
				SDKROOT = macosx;
			};
			name = Release;
		};
		9E09E013CAFD910CF685BE7C /* Debug */ = {
			isa = XCBuildConfiguration;
			buildSettings = {
				ALWAYS_SEARCH_USER_PATHS = NO;
				CLANG_ANALYZER_NONNULL = YES;
				CLANG_ANALYZER_NUMBER_OBJECT_CONVERSION = YES_AGGRESSIVE;
				CLANG_CXX_LANGUAGE_STANDARD = "gnu++14";
				CLANG_CXX_LIBRARY = "libc++";
				CLANG_ENABLE_MODULES = YES;
				CLANG_ENABLE_OBJC_ARC = YES;
				CLANG_ENABLE_OBJC_WEAK = YES;
				CLANG_WARN_BLOCK_CAPTURE_AUTORELEASING = YES;
				CLANG_WARN_BOOL_CONVERSION = YES;
				CLANG_WARN_COMMA = YES;
				CLANG_WARN_CONSTANT_CONVERSION = YES;
				CLANG_WARN_DEPRECATED_OBJC_IMPLEMENTATIONS = YES;
				CLANG_WARN_DIRECT_OBJC_ISA_USAGE = YES_ERROR;
				CLANG_WARN_DOCUMENTATION_COMMENTS = YES;
				CLANG_WARN_EMPTY_BODY = YES;
				CLANG_WARN_ENUM_CONVERSION = YES;
				CLANG_WARN_INFINITE_RECURSION = YES;
				CLANG_WARN_INT_CONVERSION = YES;
				CLANG_WARN_NON_LITERAL_NULL_CONVERSION = YES;
				CLANG_WARN_OBJC_IMPLICIT_RETAIN_SELF = YES;
				CLANG_WARN_OBJC_LITERAL_CONVERSION = YES;
				CLANG_WARN_OBJC_ROOT_CLASS = YES_ERROR;
				CLANG_WARN_QUOTED_INCLUDE_IN_FRAMEWORK_HEADER = YES;
				CLANG_WARN_RANGE_LOOP_ANALYSIS = YES;
				CLANG_WARN_STRICT_PROTOTYPES = YES;
				CLANG_WARN_SUSPICIOUS_MOVE = YES;
				CLANG_WARN_UNGUARDED_AVAILABILITY = YES_AGGRESSIVE;
				CLANG_WARN_UNREACHABLE_CODE = YES;
				CLANG_WARN__DUPLICATE_METHOD_MATCH = YES;
				COPY_PHASE_STRIP = NO;
				DEBUG_INFORMATION_FORMAT = dwarf;
				ENABLE_STRICT_OBJC_MSGSEND = YES;
				ENABLE_TESTABILITY = YES;
				GCC_C_LANGUAGE_STANDARD = gnu11;
				GCC_DYNAMIC_NO_PIC = NO;
				GCC_NO_COMMON_BLOCKS = YES;
				GCC_OPTIMIZATION_LEVEL = 0;
				GCC_PREPROCESSOR_DEFINITIONS = (
					"$(inherited)",
					"DEBUG=1",
				);
				GCC_WARN_64_TO_32_BIT_CONVERSION = YES;
				GCC_WARN_ABOUT_RETURN_TYPE = YES_ERROR;
				GCC_WARN_UNDECLARED_SELECTOR = YES;
				GCC_WARN_UNINITIALIZED_AUTOS = YES_AGGRESSIVE;
				GCC_WARN_UNUSED_FUNCTION = YES;
				GCC_WARN_UNUSED_VARIABLE = YES;
				MACOSX_DEPLOYMENT_TARGET = 26.0;
				MTL_ENABLE_DEBUG_INFO = INCLUDE_SOURCE;
				MTL_FAST_MATH = YES;
				ONLY_ACTIVE_ARCH = YES;
				PRODUCT_NAME = "$(TARGET_NAME)";
				SDKROOT = macosx;
				SWIFT_ACTIVE_COMPILATION_CONDITIONS = DEBUG;
				SWIFT_OPTIMIZATION_LEVEL = "-Onone";
				SWIFT_STRICT_CONCURRENCY = complete;
				SWIFT_VERSION = 6.0;
			};
			name = Debug;
		};
/* End XCBuildConfiguration section */

/* Begin XCConfigurationList section */
		30F857B05DB2260E006E4D1D /* Build configuration list for PBXProject "BookManager" */ = {
			isa = XCConfigurationList;
			buildConfigurations = (
				9E09E013CAFD910CF685BE7C /* Debug */,
				6483DFCF3354D1F06EBD70C1 /* Release */,
			);
			defaultConfigurationIsVisible = 0;
			defaultConfigurationName = Debug;
		};
		4F4D9AB7B459933BECA81F9E /* Build configuration list for PBXNativeTarget "BookManagerCoreTests" */ = {
			isa = XCConfigurationList;
			buildConfigurations = (
				369BA1EFE7F0126857FB20DA /* Debug */,
				91B232A2979F332E518FE90F /* Release */,
			);
			defaultConfigurationIsVisible = 0;
			defaultConfigurationName = Debug;
		};
		617C1207337E59571C911B5E /* Build configuration list for PBXNativeTarget "BookManager" */ = {
			isa = XCConfigurationList;
			buildConfigurations = (
				8C07F0AF05EA77EAF70A4F04 /* Debug */,
				9245CB6F62A9AC04FDBDC3B0 /* Release */,
			);
			defaultConfigurationIsVisible = 0;
			defaultConfigurationName = Debug;
		};
		70D7E381F3779DBC4AB1770B /* Build configuration list for PBXNativeTarget "BookManagerUITests" */ = {
			isa = XCConfigurationList;
			buildConfigurations = (
				68DF00EC6E67A53B4C575EDE /* Debug */,
				8A1E6F0EC56EE8AD485B56E0 /* Release */,
			);
			defaultConfigurationIsVisible = 0;
			defaultConfigurationName = Debug;
		};
		B41833F854DF794EECC076A0 /* Build configuration list for PBXNativeTarget "BookManagerCore" */ = {
			isa = XCConfigurationList;
			buildConfigurations = (
				7A0E31A4FC2167C8A709AC50 /* Debug */,
				42D82D7E59BC8C0010BD7B54 /* Release */,
			);
			defaultConfigurationIsVisible = 0;
			defaultConfigurationName = Debug;
		};
/* End XCConfigurationList section */

/* Begin XCRemoteSwiftPackageReference section */
		44635DEC287817240082396B /* XCRemoteSwiftPackageReference "ZIPFoundation" */ = {
			isa = XCRemoteSwiftPackageReference;
			repositoryURL = "https://github.com/weichsel/ZIPFoundation.git";
			requirement = {
				kind = exactVersion;
				version = 0.9.19;
			};
		};
		59B87C0328B4918A7F6B0165 /* XCRemoteSwiftPackageReference "swift-mtp" */ = {
			isa = XCRemoteSwiftPackageReference;
			repositoryURL = "https://github.com/CleanCocoa/swift-mtp.git";
			requirement = {
				kind = exactVersion;
				version = 0.12.0;
			};
		};
		6BD31C5A21CB3CFB74E6A5DB /* XCRemoteSwiftPackageReference "MTPKit" */ = {
			isa = XCRemoteSwiftPackageReference;
			repositoryURL = "https://github.com/5j54d93/MTPKit.git";
			requirement = {
				kind = upToNextMajorVersion;
				minimumVersion = 0.1.4;
			};
		};
		A0D7C7F521C2750001B7D268 /* XCRemoteSwiftPackageReference "automerge-swift" */ = {
			isa = XCRemoteSwiftPackageReference;
			repositoryURL = "https://github.com/automerge/automerge-swift.git";
			requirement = {
				kind = exactVersion;
				version = 0.7.2;
			};
		};
		B15CFCE30AD86161C178C8C3 /* XCRemoteSwiftPackageReference "GRDB.swift" */ = {
			isa = XCRemoteSwiftPackageReference;
			repositoryURL = "https://github.com/groue/GRDB.swift.git";
			requirement = {
				kind = exactVersion;
				version = 7.11.1;
			};
		};
		CCA3476DA7C649DCF69BDF4C /* XCRemoteSwiftPackageReference "libmobi-swift" */ = {
			isa = XCRemoteSwiftPackageReference;
			repositoryURL = "https://github.com/awxkee/libmobi-swift.git";
			requirement = {
				kind = exactVersion;
				version = 1.0.2;
			};
		};
/* End XCRemoteSwiftPackageReference section */

/* Begin XCSwiftPackageProductDependency section */
		1BE2846B48AD04727891E7C4 /* ZIPFoundation */ = {
			isa = XCSwiftPackageProductDependency;
			package = 44635DEC287817240082396B /* XCRemoteSwiftPackageReference "ZIPFoundation" */;
			productName = ZIPFoundation;
		};
		2684F3D91C4B009F3E9D574C /* MTPKit */ = {
			isa = XCSwiftPackageProductDependency;
			package = 6BD31C5A21CB3CFB74E6A5DB /* XCRemoteSwiftPackageReference "MTPKit" */;
			productName = MTPKit;
		};
		2F280E3BD3CAFCA30F17AC99 /* GRDB */ = {
			isa = XCSwiftPackageProductDependency;
			package = B15CFCE30AD86161C178C8C3 /* XCRemoteSwiftPackageReference "GRDB.swift" */;
			productName = GRDB;
		};
		3818F9695548F67FF6E86321 /* ZIPFoundation */ = {
			isa = XCSwiftPackageProductDependency;
			package = 44635DEC287817240082396B /* XCRemoteSwiftPackageReference "ZIPFoundation" */;
			productName = ZIPFoundation;
		};
		6DD7D77391BABA00A2C94561 /* SwiftMTPAsync */ = {
			isa = XCSwiftPackageProductDependency;
			package = 59B87C0328B4918A7F6B0165 /* XCRemoteSwiftPackageReference "swift-mtp" */;
			productName = SwiftMTPAsync;
		};
		770243B41284AFCA8EC2E14D /* GRDB */ = {
			isa = XCSwiftPackageProductDependency;
			package = B15CFCE30AD86161C178C8C3 /* XCRemoteSwiftPackageReference "GRDB.swift" */;
			productName = GRDB;
		};
		A3B7696ECD66EDD998821F5C /* libmobi */ = {
			isa = XCSwiftPackageProductDependency;
			package = CCA3476DA7C649DCF69BDF4C /* XCRemoteSwiftPackageReference "libmobi-swift" */;
			productName = libmobi;
		};
		AF964C278D074E278988AB3E /* libmobi */ = {
			isa = XCSwiftPackageProductDependency;
			package = CCA3476DA7C649DCF69BDF4C /* XCRemoteSwiftPackageReference "libmobi-swift" */;
			productName = libmobi;
		};
		E73D1BC292F51DC0789C0A2A /* Automerge */ = {
			isa = XCSwiftPackageProductDependency;
			package = A0D7C7F521C2750001B7D268 /* XCRemoteSwiftPackageReference "automerge-swift" */;
			productName = Automerge;
		};
/* End XCSwiftPackageProductDependency section */
	};
	rootObject = CBA6B73B6F3908DC3A351113 /* Project object */;
}
